// !$*UTF8*$!
{
	archiveVersion = 1;
	classes = {
	};
	objectVersion = 46;
	objects = {

/* Begin PBXBuildFile section */
		880FB6D31A726A360043E53B /* oceano.mp3 in Resources */ = {isa = PBXBuildFile; fileRef = 880FB6D21A726A360043E53B /* oceano.mp3 */; };
		88130D581A52A2C300802E87 /* UBoatTests.swift in Sources */ = {isa = PBXBuildFile; fileRef = 88130D571A52A2C300802E87 /* UBoatTests.swift */; };
		88130D621A52A37300802E87 /* AppDelegate.swift in Sources */ = {isa = PBXBuildFile; fileRef = 88130D611A52A37300802E87 /* AppDelegate.swift */; };
		88130D641A52A38100802E87 /* ViewController.swift in Sources */ = {isa = PBXBuildFile; fileRef = 88130D631A52A38100802E87 /* ViewController.swift */; };
		88130D6C1A52A39300802E87 /* Menu.swift in Sources */ = {isa = PBXBuildFile; fileRef = 88130D651A52A39300802E87 /* Menu.swift */; };
		88130D6D1A52A39300802E87 /* Juego.swift in Sources */ = {isa = PBXBuildFile; fileRef = 88130D661A52A39300802E87 /* Juego.swift */; };
		88130D6E1A52A39300802E87 /* estelaMisil.sks in Resources */ = {isa = PBXBuildFile; fileRef = 88130D671A52A39300802E87 /* estelaMisil.sks */; };
		88130D6F1A52A39300802E87 /* explosionSubmarino.sks in Resources */ = {isa = PBXBuildFile; fileRef = 88130D681A52A39300802E87 /* explosionSubmarino.sks */; };
		88130D701A52A39300802E87 /* estelaSubmarino.sks in Resources */ = {isa = PBXBuildFile; fileRef = 88130D691A52A39300802E87 /* estelaSubmarino.sks */; };
		88130D711A52A39300802E87 /* estelaEnemigo.sks in Resources */ = {isa = PBXBuildFile; fileRef = 88130D6A1A52A39300802E87 /* estelaEnemigo.sks */; };
		88130D741A52A3A700802E87 /* Main.storyboard in Resources */ = {isa = PBXBuildFile; fileRef = 88130D731A52A3A700802E87 /* Main.storyboard */; };
		88130D761A52A3B700802E87 /* Images.xcassets in Resources */ = {isa = PBXBuildFile; fileRef = 88130D751A52A3B700802E87 /* Images.xcassets */; };
		88130D781A52A3CE00802E87 /* LaunchScreen.xib in Resources */ = {isa = PBXBuildFile; fileRef = 88130D771A52A3CE00802E87 /* LaunchScreen.xib */; };
		883A26DF1A7D4EBF008EAA34 /* aSThumbImg.png in Resources */ = {isa = PBXBuildFile; fileRef = 883A26DE1A7D4EBF008EAA34 /* aSThumbImg.png */; };
		883A26E11A7D4EC5008EAA34 /* joystick.png in Resources */ = {isa = PBXBuildFile; fileRef = 883A26E01A7D4EC5008EAA34 /* joystick.png */; };
		883C63E91A8A1E4000E5EC27 /* SonarSubmarino1.wav in Resources */ = {isa = PBXBuildFile; fileRef = 883C63E81A8A1E4000E5EC27 /* SonarSubmarino1.wav */; };
		884BFE101A710B8B00B8C94A /* salidaTorpedo.wav in Resources */ = {isa = PBXBuildFile; fileRef = 884BFE0F1A710B8B00B8C94A /* salidaTorpedo.wav */; };
		884BFE121A710C9200B8C94A /* AVFoundation.framework in Frameworks */ = {isa = PBXBuildFile; fileRef = 884BFE111A710C9200B8C94A /* AVFoundation.framework */; };
		884BFE171A7118A800B8C94A /* explosionImpacto.wav in Resources */ = {isa = PBXBuildFile; fileRef = 884BFE161A7118A800B8C94A /* explosionImpacto.wav */; };
		8851AB151A795E9C001EDD63 /* aSBgImg.png in Resources */ = {isa = PBXBuildFile; fileRef = 8851AB131A795E9C001EDD63 /* aSBgImg.png */; };
		8851AB181A7966C0001EDD63 /* AnalogStick.swift in Sources */ = {isa = PBXBuildFile; fileRef = 8851AB171A7966C0001EDD63 /* AnalogStick.swift */; };
		889A0B831A5D2D55000BF2C3 /* enemigoExplota.atlas in Resources */ = {isa = PBXBuildFile; fileRef = 889A0B811A5D2D55000BF2C3 /* enemigoExplota.atlas */; };
		88BDD04A1A78F135005F2EBC /* Navegando0024.png in Resources */ = {isa = PBXBuildFile; fileRef = 88BDD00F1A78F135005F2EBC /* Navegando0024.png */; };
		88BDD04B1A78F135005F2EBC /* Navegando0024@2x.png in Resources */ = {isa = PBXBuildFile; fileRef = 88BDD0101A78F135005F2EBC /* Navegando0024@2x.png */; };
		88BDD04C1A78F135005F2EBC /* Navegando0025.png in Resources */ = {isa = PBXBuildFile; fileRef = 88BDD0111A78F135005F2EBC /* Navegando0025.png */; };
		88BDD04D1A78F135005F2EBC /* Navegando0025@2x.png in Resources */ = {isa = PBXBuildFile; fileRef = 88BDD0121A78F135005F2EBC /* Navegando0025@2x.png */; };
		88BDD04E1A78F135005F2EBC /* Navegando0026.png in Resources */ = {isa = PBXBuildFile; fileRef = 88BDD0131A78F135005F2EBC /* Navegando0026.png */; };
		88BDD04F1A78F135005F2EBC /* Navegando0026@2x.png in Resources */ = {isa = PBXBuildFile; fileRef = 88BDD0141A78F135005F2EBC /* Navegando0026@2x.png */; };
		88BDD0501A78F135005F2EBC /* Navegando0027.png in Resources */ = {isa = PBXBuildFile; fileRef = 88BDD0151A78F135005F2EBC /* Navegando0027.png */; };
		88BDD0511A78F135005F2EBC /* Navegando0027@2x.png in Resources */ = {isa = PBXBuildFile; fileRef = 88BDD0161A78F135005F2EBC /* Navegando0027@2x.png */; };
		88BDD0521A78F135005F2EBC /* Navegando0028.png in Resources */ = {isa = PBXBuildFile; fileRef = 88BDD0171A78F135005F2EBC /* Navegando0028.png */; };
		88BDD0531A78F135005F2EBC /* Navegando0028@2x.png in Resources */ = {isa = PBXBuildFile; fileRef = 88BDD0181A78F135005F2EBC /* Navegando0028@2x.png */; };
		88BDD0541A78F135005F2EBC /* Navegando0029.png in Resources */ = {isa = PBXBuildFile; fileRef = 88BDD0191A78F135005F2EBC /* Navegando0029.png */; };
		88BDD0551A78F135005F2EBC /* Navegando0029@2x.png in Resources */ = {isa = PBXBuildFile; fileRef = 88BDD01A1A78F135005F2EBC /* Navegando0029@2x.png */; };
		88BDD0561A78F135005F2EBC /* Navegando0030.png in Resources */ = {isa = PBXBuildFile; fileRef = 88BDD01B1A78F135005F2EBC /* Navegando0030.png */; };
		88BDD0571A78F135005F2EBC /* Navegando0030@2x.png in Resources */ = {isa = PBXBuildFile; fileRef = 88BDD01C1A78F135005F2EBC /* Navegando0030@2x.png */; };
		88BDD0581A78F135005F2EBC /* Navegando0031.png in Resources */ = {isa = PBXBuildFile; fileRef = 88BDD01D1A78F135005F2EBC /* Navegando0031.png */; };
		88BDD0591A78F135005F2EBC /* Navegando0031@2x.png in Resources */ = {isa = PBXBuildFile; fileRef = 88BDD01E1A78F135005F2EBC /* Navegando0031@2x.png */; };
		88BDD05A1A78F135005F2EBC /* Navegando0032.png in Resources */ = {isa = PBXBuildFile; fileRef = 88BDD01F1A78F135005F2EBC /* Navegando0032.png */; };
		88BDD05B1A78F135005F2EBC /* Navegando0032@2x.png in Resources */ = {isa = PBXBuildFile; fileRef = 88BDD0201A78F135005F2EBC /* Navegando0032@2x.png */; };
		88BDD05C1A78F135005F2EBC /* Navegando0033.png in Resources */ = {isa = PBXBuildFile; fileRef = 88BDD0211A78F135005F2EBC /* Navegando0033.png */; };
		88BDD05D1A78F135005F2EBC /* Navegando0033@2x.png in Resources */ = {isa = PBXBuildFile; fileRef = 88BDD0221A78F135005F2EBC /* Navegando0033@2x.png */; };
		88BDD05E1A78F135005F2EBC /* Navegando0034.png in Resources */ = {isa = PBXBuildFile; fileRef = 88BDD0231A78F135005F2EBC /* Navegando0034.png */; };
		88BDD05F1A78F135005F2EBC /* Navegando0034@2x.png in Resources */ = {isa = PBXBuildFile; fileRef = 88BDD0241A78F135005F2EBC /* Navegando0034@2x.png */; };
		88BDD0601A78F135005F2EBC /* Navegando0035.png in Resources */ = {isa = PBXBuildFile; fileRef = 88BDD0251A78F135005F2EBC /* Navegando0035.png */; };
		88BDD0611A78F135005F2EBC /* Navegando0035@2x.png in Resources */ = {isa = PBXBuildFile; fileRef = 88BDD0261A78F135005F2EBC /* Navegando0035@2x.png */; };
		88BDD0621A78F135005F2EBC /* Navegando0036.png in Resources */ = {isa = PBXBuildFile; fileRef = 88BDD0271A78F135005F2EBC /* Navegando0036.png */; };
		88BDD0631A78F135005F2EBC /* Navegando0036@2x.png in Resources */ = {isa = PBXBuildFile; fileRef = 88BDD0281A78F135005F2EBC /* Navegando0036@2x.png */; };
		88BDD0641A78F135005F2EBC /* Navegando0037.png in Resources */ = {isa = PBXBuildFile; fileRef = 88BDD0291A78F135005F2EBC /* Navegando0037.png */; };
		88BDD0651A78F135005F2EBC /* Navegando0037@2x.png in Resources */ = {isa = PBXBuildFile; fileRef = 88BDD02A1A78F135005F2EBC /* Navegando0037@2x.png */; };
		88BDD0661A78F135005F2EBC /* Navegando0038.png in Resources */ = {isa = PBXBuildFile; fileRef = 88BDD02B1A78F135005F2EBC /* Navegando0038.png */; };
		88BDD0671A78F135005F2EBC /* Navegando0038@2x.png in Resources */ = {isa = PBXBuildFile; fileRef = 88BDD02C1A78F135005F2EBC /* Navegando0038@2x.png */; };
		88BDD0681A78F135005F2EBC /* Navegando0039.png in Resources */ = {isa = PBXBuildFile; fileRef = 88BDD02D1A78F135005F2EBC /* Navegando0039.png */; };
		88BDD0691A78F135005F2EBC /* Navegando0039@2x.png in Resources */ = {isa = PBXBuildFile; fileRef = 88BDD02E1A78F135005F2EBC /* Navegando0039@2x.png */; };
		88BDD06A1A78F135005F2EBC /* Navegando0040.png in Resources */ = {isa = PBXBuildFile; fileRef = 88BDD02F1A78F135005F2EBC /* Navegando0040.png */; };
		88BDD06B1A78F135005F2EBC /* Navegando0040@2x.png in Resources */ = {isa = PBXBuildFile; fileRef = 88BDD0301A78F135005F2EBC /* Navegando0040@2x.png */; };
		88BDD06C1A78F135005F2EBC /* Emerge0000@2x.png in Resources */ = {isa = PBXBuildFile; fileRef = 88BDD0321A78F135005F2EBC /* Emerge0000@2x.png */; };
		88BDD06D1A78F135005F2EBC /* Emerge0001@2x.png in Resources */ = {isa = PBXBuildFile; fileRef = 88BDD0331A78F135005F2EBC /* Emerge0001@2x.png */; };
		88BDD06E1A78F135005F2EBC /* Emerge0002@2x.png in Resources */ = {isa = PBXBuildFile; fileRef = 88BDD0341A78F135005F2EBC /* Emerge0002@2x.png */; };
		88BDD06F1A78F135005F2EBC /* Emerge0003@2x.png in Resources */ = {isa = PBXBuildFile; fileRef = 88BDD0351A78F135005F2EBC /* Emerge0003@2x.png */; };
		88BDD0701A78F135005F2EBC /* Emerge0004@2x.png in Resources */ = {isa = PBXBuildFile; fileRef = 88BDD0361A78F135005F2EBC /* Emerge0004@2x.png */; };
		88BDD0711A78F135005F2EBC /* Emerge0005@2x.png in Resources */ = {isa = PBXBuildFile; fileRef = 88BDD0371A78F135005F2EBC /* Emerge0005@2x.png */; };
		88BDD0721A78F135005F2EBC /* Emerge0006@2x.png in Resources */ = {isa = PBXBuildFile; fileRef = 88BDD0381A78F135005F2EBC /* Emerge0006@2x.png */; };
		88BDD0731A78F135005F2EBC /* Emerge0007@2x.png in Resources */ = {isa = PBXBuildFile; fileRef = 88BDD0391A78F135005F2EBC /* Emerge0007@2x.png */; };
		88BDD0741A78F135005F2EBC /* Emerge0008@2x.png in Resources */ = {isa = PBXBuildFile; fileRef = 88BDD03A1A78F135005F2EBC /* Emerge0008@2x.png */; };
		88BDD0751A78F135005F2EBC /* Emerge0009@2x.png in Resources */ = {isa = PBXBuildFile; fileRef = 88BDD03B1A78F135005F2EBC /* Emerge0009@2x.png */; };
		88BDD0761A78F135005F2EBC /* Emerge0010@2x.png in Resources */ = {isa = PBXBuildFile; fileRef = 88BDD03C1A78F135005F2EBC /* Emerge0010@2x.png */; };
		88BDD0771A78F135005F2EBC /* Emerge0011@2x.png in Resources */ = {isa = PBXBuildFile; fileRef = 88BDD03D1A78F135005F2EBC /* Emerge0011@2x.png */; };
		88BDD0781A78F135005F2EBC /* Emerge0012@2x.png in Resources */ = {isa = PBXBuildFile; fileRef = 88BDD03E1A78F135005F2EBC /* Emerge0012@2x.png */; };
		88BDD0791A78F135005F2EBC /* Emerge0013@2x.png in Resources */ = {isa = PBXBuildFile; fileRef = 88BDD03F1A78F135005F2EBC /* Emerge0013@2x.png */; };
		88BDD07A1A78F135005F2EBC /* Emerge0014@2x.png in Resources */ = {isa = PBXBuildFile; fileRef = 88BDD0401A78F135005F2EBC /* Emerge0014@2x.png */; };
		88BDD07B1A78F135005F2EBC /* Emerge0015@2x.png in Resources */ = {isa = PBXBuildFile; fileRef = 88BDD0411A78F135005F2EBC /* Emerge0015@2x.png */; };
		88BDD07C1A78F135005F2EBC /* Emerge0016@2x.png in Resources */ = {isa = PBXBuildFile; fileRef = 88BDD0421A78F135005F2EBC /* Emerge0016@2x.png */; };
		88BDD07D1A78F135005F2EBC /* Emerge0017@2x.png in Resources */ = {isa = PBXBuildFile; fileRef = 88BDD0431A78F135005F2EBC /* Emerge0017@2x.png */; };
		88BDD07E1A78F135005F2EBC /* Emerge0018@2x.png in Resources */ = {isa = PBXBuildFile; fileRef = 88BDD0441A78F135005F2EBC /* Emerge0018@2x.png */; };
		88BDD07F1A78F135005F2EBC /* Emerge0019@2x.png in Resources */ = {isa = PBXBuildFile; fileRef = 88BDD0451A78F135005F2EBC /* Emerge0019@2x.png */; };
		88BDD0801A78F135005F2EBC /* Emerge0020@2x.png in Resources */ = {isa = PBXBuildFile; fileRef = 88BDD0461A78F135005F2EBC /* Emerge0020@2x.png */; };
		88BDD0811A78F135005F2EBC /* Emerge0021@2x.png in Resources */ = {isa = PBXBuildFile; fileRef = 88BDD0471A78F135005F2EBC /* Emerge0021@2x.png */; };
		88BDD0821A78F135005F2EBC /* Emerge0022@2x.png in Resources */ = {isa = PBXBuildFile; fileRef = 88BDD0481A78F135005F2EBC /* Emerge0022@2x.png */; };
		88BDD0831A78F135005F2EBC /* Emerge0023@2x.png in Resources */ = {isa = PBXBuildFile; fileRef = 88BDD0491A78F135005F2EBC /* Emerge0023@2x.png */; };
		88CA80F01A93C9390091ED93 /* submarino.swift in Sources */ = {isa = PBXBuildFile; fileRef = 88CA80EF1A93C9390091ED93 /* submarino.swift */; };
		9A0B57991A7A3FAD00354160 /* Emerge-0001@2x.png in Resources */ = {isa = PBXBuildFile; fileRef = 9A0B57971A7A3FAD00354160 /* Emerge-0001@2x.png */; };
		9A0B579A1A7A3FAD00354160 /* Emerge-0002@2x.png in Resources */ = {isa = PBXBuildFile; fileRef = 9A0B57981A7A3FAD00354160 /* Emerge-0002@2x.png */; };
		9A5080781A94B25D009283A8 /* iconOxigeno_01@2x.png in Resources */ = {isa = PBXBuildFile; fileRef = 9A50805D1A94B25D009283A8 /* iconOxigeno_01@2x.png */; };
		9A5080791A94B25D009283A8 /* iconOxigeno_02@2x.png in Resources */ = {isa = PBXBuildFile; fileRef = 9A50805E1A94B25D009283A8 /* iconOxigeno_02@2x.png */; };
		9A50807A1A94B25D009283A8 /* iconOxigeno_03@2x.png in Resources */ = {isa = PBXBuildFile; fileRef = 9A50805F1A94B25D009283A8 /* iconOxigeno_03@2x.png */; };
		9A50807B1A94B25D009283A8 /* iconOxigeno_04@2x.png in Resources */ = {isa = PBXBuildFile; fileRef = 9A5080601A94B25D009283A8 /* iconOxigeno_04@2x.png */; };
		9A50807C1A94B25D009283A8 /* iconOxigeno_05@2x.png in Resources */ = {isa = PBXBuildFile; fileRef = 9A5080611A94B25D009283A8 /* iconOxigeno_05@2x.png */; };
		9A50807D1A94B25D009283A8 /* iconOxigeno_06@2x.png in Resources */ = {isa = PBXBuildFile; fileRef = 9A5080621A94B25D009283A8 /* iconOxigeno_06@2x.png */; };
		9A50807E1A94B25D009283A8 /* iconOxigeno_07@2x.png in Resources */ = {isa = PBXBuildFile; fileRef = 9A5080631A94B25D009283A8 /* iconOxigeno_07@2x.png */; };
		9A50807F1A94B25D009283A8 /* iconOxigeno_08@2x.png in Resources */ = {isa = PBXBuildFile; fileRef = 9A5080641A94B25D009283A8 /* iconOxigeno_08@2x.png */; };
		9A5080801A94B25D009283A8 /* iconOxigeno_09@2x.png in Resources */ = {isa = PBXBuildFile; fileRef = 9A5080651A94B25D009283A8 /* iconOxigeno_09@2x.png */; };
		9A5080811A94B25D009283A8 /* iconOxigeno_10@2x.png in Resources */ = {isa = PBXBuildFile; fileRef = 9A5080661A94B25D009283A8 /* iconOxigeno_10@2x.png */; };
		9A5080821A94B25D009283A8 /* iconOxigeno_11@2x.png in Resources */ = {isa = PBXBuildFile; fileRef = 9A5080671A94B25D009283A8 /* iconOxigeno_11@2x.png */; };
		9A5080831A94B25D009283A8 /* iconOxigeno_12@2x.png in Resources */ = {isa = PBXBuildFile; fileRef = 9A5080681A94B25D009283A8 /* iconOxigeno_12@2x.png */; };
		9A5080841A94B25D009283A8 /* iconOxigeno_13@2x.png in Resources */ = {isa = PBXBuildFile; fileRef = 9A5080691A94B25D009283A8 /* iconOxigeno_13@2x.png */; };
		9A5080851A94B25D009283A8 /* iconOxigeno_14@2x.png in Resources */ = {isa = PBXBuildFile; fileRef = 9A50806A1A94B25D009283A8 /* iconOxigeno_14@2x.png */; };
		9A5080861A94B25D009283A8 /* iconOxigeno_15@2x.png in Resources */ = {isa = PBXBuildFile; fileRef = 9A50806B1A94B25D009283A8 /* iconOxigeno_15@2x.png */; };
		9A5080871A94B25D009283A8 /* iconOxigeno_16@2x.png in Resources */ = {isa = PBXBuildFile; fileRef = 9A50806C1A94B25D009283A8 /* iconOxigeno_16@2x.png */; };
		9A5080881A94B25D009283A8 /* iconOxigeno_17@2x.png in Resources */ = {isa = PBXBuildFile; fileRef = 9A50806D1A94B25D009283A8 /* iconOxigeno_17@2x.png */; };
		9A5080891A94B25D009283A8 /* iconOxigeno_18@2x.png in Resources */ = {isa = PBXBuildFile; fileRef = 9A50806E1A94B25D009283A8 /* iconOxigeno_18@2x.png */; };
		9A50808A1A94B25D009283A8 /* iconOxigeno_19@2x.png in Resources */ = {isa = PBXBuildFile; fileRef = 9A50806F1A94B25D009283A8 /* iconOxigeno_19@2x.png */; };
		9A50808B1A94B25D009283A8 /* iconOxigeno_20@2x.png in Resources */ = {isa = PBXBuildFile; fileRef = 9A5080701A94B25D009283A8 /* iconOxigeno_20@2x.png */; };
		9A50808C1A94B25D009283A8 /* iconOxigeno_21@2x.png in Resources */ = {isa = PBXBuildFile; fileRef = 9A5080711A94B25D009283A8 /* iconOxigeno_21@2x.png */; };
		9A50808D1A94B25D009283A8 /* iconOxigeno_22@2x.png in Resources */ = {isa = PBXBuildFile; fileRef = 9A5080721A94B25D009283A8 /* iconOxigeno_22@2x.png */; };
		9A50808E1A94B25D009283A8 /* iconOxigeno_23@2x.png in Resources */ = {isa = PBXBuildFile; fileRef = 9A5080731A94B25D009283A8 /* iconOxigeno_23@2x.png */; };
		9A50808F1A94B25D009283A8 /* iconOxigeno_24@2x.png in Resources */ = {isa = PBXBuildFile; fileRef = 9A5080741A94B25D009283A8 /* iconOxigeno_24@2x.png */; };
		9A5080901A94B25D009283A8 /* iconOxigeno_25@2x.png in Resources */ = {isa = PBXBuildFile; fileRef = 9A5080751A94B25D009283A8 /* iconOxigeno_25@2x.png */; };
		9A5080911A94B25D009283A8 /* iconOxigeno_26@2x.png in Resources */ = {isa = PBXBuildFile; fileRef = 9A5080761A94B25D009283A8 /* iconOxigeno_26@2x.png */; };
		9A5080921A94B25D009283A8 /* iconOxigeno_27@2x.png in Resources */ = {isa = PBXBuildFile; fileRef = 9A5080771A94B25D009283A8 /* iconOxigeno_27@2x.png */; };
		9A6873611A6565BF00CC4BF7 /* estelaSubDer.sks in Resources */ = {isa = PBXBuildFile; fileRef = 9A6873601A6565BF00CC4BF7 /* estelaSubDer.sks */; };
		9A6873631A6573B900CC4BF7 /* estelaSubIzq.sks in Resources */ = {isa = PBXBuildFile; fileRef = 9A6873621A6573B900CC4BF7 /* estelaSubIzq.sks */; };
		9A6873691A65902A00CC4BF7 /* humoExplosion.sks in Resources */ = {isa = PBXBuildFile; fileRef = 9A6873681A65902A00CC4BF7 /* humoExplosion.sks */; };
		9A87EFA41A8828C00001903E /* SubmarineAlarm.mp3 in Resources */ = {isa = PBXBuildFile; fileRef = 9A87EFA31A8828C00001903E /* SubmarineAlarm.mp3 */; };
		9A95B4821A800EB2000A899D /* joystick@2X.png in Resources */ = {isa = PBXBuildFile; fileRef = 9A95B4811A800EB2000A899D /* joystick@2X.png */; };
		9A9C836C1A8E9493007F38F1 /* iconDamage_01@2x.png in Resources */ = {isa = PBXBuildFile; fileRef = 9A9C834E1A8E9493007F38F1 /* iconDamage_01@2x.png */; };
		9A9C836D1A8E9493007F38F1 /* iconDamage_02@2x.png in Resources */ = {isa = PBXBuildFile; fileRef = 9A9C834F1A8E9493007F38F1 /* iconDamage_02@2x.png */; };
		9A9C836E1A8E9493007F38F1 /* iconDamage_03@2x.png in Resources */ = {isa = PBXBuildFile; fileRef = 9A9C83501A8E9493007F38F1 /* iconDamage_03@2x.png */; };
		9A9C836F1A8E9493007F38F1 /* iconDamage_04@2x.png in Resources */ = {isa = PBXBuildFile; fileRef = 9A9C83511A8E9493007F38F1 /* iconDamage_04@2x.png */; };
		9A9C83701A8E9493007F38F1 /* iconDamage_05@2x.png in Resources */ = {isa = PBXBuildFile; fileRef = 9A9C83521A8E9493007F38F1 /* iconDamage_05@2x.png */; };
		9A9C83711A8E9493007F38F1 /* iconDamage_06@2x.png in Resources */ = {isa = PBXBuildFile; fileRef = 9A9C83531A8E9493007F38F1 /* iconDamage_06@2x.png */; };
		9A9C83721A8E9493007F38F1 /* iconDamage_07@2x.png in Resources */ = {isa = PBXBuildFile; fileRef = 9A9C83541A8E9493007F38F1 /* iconDamage_07@2x.png */; };
		9A9C83731A8E9493007F38F1 /* iconDamage_08@2x.png in Resources */ = {isa = PBXBuildFile; fileRef = 9A9C83551A8E9493007F38F1 /* iconDamage_08@2x.png */; };
		9A9C83741A8E9493007F38F1 /* iconDamage_09@2x.png in Resources */ = {isa = PBXBuildFile; fileRef = 9A9C83561A8E9493007F38F1 /* iconDamage_09@2x.png */; };
		9A9C83751A8E9493007F38F1 /* iconDamage_10@2x.png in Resources */ = {isa = PBXBuildFile; fileRef = 9A9C83571A8E9493007F38F1 /* iconDamage_10@2x.png */; };
		9A9C83761A8E9493007F38F1 /* iconDamage_11@2x.png in Resources */ = {isa = PBXBuildFile; fileRef = 9A9C83581A8E9493007F38F1 /* iconDamage_11@2x.png */; };
		9A9C83771A8E9493007F38F1 /* iconDamage_12@2x.png in Resources */ = {isa = PBXBuildFile; fileRef = 9A9C83591A8E9493007F38F1 /* iconDamage_12@2x.png */; };
		9A9C83781A8E9493007F38F1 /* iconDamage_13@2x.png in Resources */ = {isa = PBXBuildFile; fileRef = 9A9C835A1A8E9493007F38F1 /* iconDamage_13@2x.png */; };
		9A9C83791A8E9493007F38F1 /* iconDamage_14@2x.png in Resources */ = {isa = PBXBuildFile; fileRef = 9A9C835B1A8E9493007F38F1 /* iconDamage_14@2x.png */; };
		9A9C837A1A8E9493007F38F1 /* iconDamage_15@2x.png in Resources */ = {isa = PBXBuildFile; fileRef = 9A9C835C1A8E9493007F38F1 /* iconDamage_15@2x.png */; };
		9A9C837B1A8E9493007F38F1 /* iconDamage_16@2x.png in Resources */ = {isa = PBXBuildFile; fileRef = 9A9C835D1A8E9493007F38F1 /* iconDamage_16@2x.png */; };
		9A9C837C1A8E9493007F38F1 /* iconDamage_17@2x.png in Resources */ = {isa = PBXBuildFile; fileRef = 9A9C835E1A8E9493007F38F1 /* iconDamage_17@2x.png */; };
		9A9C837D1A8E9493007F38F1 /* iconDamage_18@2x.png in Resources */ = {isa = PBXBuildFile; fileRef = 9A9C835F1A8E9493007F38F1 /* iconDamage_18@2x.png */; };
		9A9C837E1A8E9493007F38F1 /* iconDamage_19@2x.png in Resources */ = {isa = PBXBuildFile; fileRef = 9A9C83601A8E9493007F38F1 /* iconDamage_19@2x.png */; };
		9A9C837F1A8E9493007F38F1 /* iconDamage_20@2x.png in Resources */ = {isa = PBXBuildFile; fileRef = 9A9C83611A8E9493007F38F1 /* iconDamage_20@2x.png */; };
		9A9C83801A8E9493007F38F1 /* iconDamage_21@2x.png in Resources */ = {isa = PBXBuildFile; fileRef = 9A9C83621A8E9493007F38F1 /* iconDamage_21@2x.png */; };
		9A9C83811A8E9493007F38F1 /* iconDamage_22@2x.png in Resources */ = {isa = PBXBuildFile; fileRef = 9A9C83631A8E9493007F38F1 /* iconDamage_22@2x.png */; };
		9A9C83821A8E9493007F38F1 /* iconDamage_23@2x.png in Resources */ = {isa = PBXBuildFile; fileRef = 9A9C83641A8E9493007F38F1 /* iconDamage_23@2x.png */; };
		9A9C83831A8E9493007F38F1 /* iconDamage_24@2x.png in Resources */ = {isa = PBXBuildFile; fileRef = 9A9C83651A8E9493007F38F1 /* iconDamage_24@2x.png */; };
		9A9C83841A8E9493007F38F1 /* iconDamage_25@2x.png in Resources */ = {isa = PBXBuildFile; fileRef = 9A9C83661A8E9493007F38F1 /* iconDamage_25@2x.png */; };
		9A9C83851A8E9493007F38F1 /* iconDamage_26@2x.png in Resources */ = {isa = PBXBuildFile; fileRef = 9A9C83671A8E9493007F38F1 /* iconDamage_26@2x.png */; };
		9A9C83861A8E9493007F38F1 /* iconDamage_27@2x.png in Resources */ = {isa = PBXBuildFile; fileRef = 9A9C83681A8E9493007F38F1 /* iconDamage_27@2x.png */; };
		9A9C83871A8E9493007F38F1 /* iconDamage_28@2x.png in Resources */ = {isa = PBXBuildFile; fileRef = 9A9C83691A8E9493007F38F1 /* iconDamage_28@2x.png */; };
		9A9C83881A8E9493007F38F1 /* iconDamage_29@2x.png in Resources */ = {isa = PBXBuildFile; fileRef = 9A9C836A1A8E9493007F38F1 /* iconDamage_29@2x.png */; };
		9A9C83891A8E9493007F38F1 /* iconDamage_30@2x.png in Resources */ = {isa = PBXBuildFile; fileRef = 9A9C836B1A8E9493007F38F1 /* iconDamage_30@2x.png */; };
		9AC500C91A9387A500C8C5F1 /* BotonInterruptor.mp3 in Resources */ = {isa = PBXBuildFile; fileRef = 9AC500C81A9387A500C8C5F1 /* BotonInterruptor.mp3 */; };
		9AFF44F81A8622A1000687B2 /* Anima_Mina0024@2x.png in Resources */ = {isa = PBXBuildFile; fileRef = 9AFF44EB1A8622A1000687B2 /* Anima_Mina0024@2x.png */; };
		9AFF44F91A8622A1000687B2 /* Anima_Mina0025@2x.png in Resources */ = {isa = PBXBuildFile; fileRef = 9AFF44EC1A8622A1000687B2 /* Anima_Mina0025@2x.png */; };
		9AFF44FA1A8622A1000687B2 /* Anima_Mina0026@2x.png in Resources */ = {isa = PBXBuildFile; fileRef = 9AFF44ED1A8622A1000687B2 /* Anima_Mina0026@2x.png */; };
		9AFF44FB1A8622A1000687B2 /* Anima_Mina0027@2x.png in Resources */ = {isa = PBXBuildFile; fileRef = 9AFF44EE1A8622A1000687B2 /* Anima_Mina0027@2x.png */; };
		9AFF44FC1A8622A1000687B2 /* Anima_Mina0028@2x.png in Resources */ = {isa = PBXBuildFile; fileRef = 9AFF44EF1A8622A1000687B2 /* Anima_Mina0028@2x.png */; };
		9AFF44FD1A8622A1000687B2 /* Anima_Mina0029@2x.png in Resources */ = {isa = PBXBuildFile; fileRef = 9AFF44F01A8622A1000687B2 /* Anima_Mina0029@2x.png */; };
		9AFF44FE1A8622A1000687B2 /* Anima_Mina0030@2x.png in Resources */ = {isa = PBXBuildFile; fileRef = 9AFF44F11A8622A1000687B2 /* Anima_Mina0030@2x.png */; };
		9AFF44FF1A8622A1000687B2 /* Anima_Mina0031@2x.png in Resources */ = {isa = PBXBuildFile; fileRef = 9AFF44F21A8622A1000687B2 /* Anima_Mina0031@2x.png */; };
		9AFF45001A8622A1000687B2 /* Anima_Mina0032@2x.png in Resources */ = {isa = PBXBuildFile; fileRef = 9AFF44F31A8622A1000687B2 /* Anima_Mina0032@2x.png */; };
		9AFF45011A8622A1000687B2 /* Anima_Mina0033@2x.png in Resources */ = {isa = PBXBuildFile; fileRef = 9AFF44F41A8622A1000687B2 /* Anima_Mina0033@2x.png */; };
		9AFF45021A8622A1000687B2 /* Anima_Mina0034@2x.png in Resources */ = {isa = PBXBuildFile; fileRef = 9AFF44F51A8622A1000687B2 /* Anima_Mina0034@2x.png */; };
		9AFF45031A8622A1000687B2 /* Anima_Mina0035@2x.png in Resources */ = {isa = PBXBuildFile; fileRef = 9AFF44F61A8622A1000687B2 /* Anima_Mina0035@2x.png */; };
		9AFF45041A8622A1000687B2 /* Anima_Mina0036@2x.png in Resources */ = {isa = PBXBuildFile; fileRef = 9AFF44F71A8622A1000687B2 /* Anima_Mina0036@2x.png */; };
		CF2685EF1A8B974800E351D2 /* Prologo.swift in Sources */ = {isa = PBXBuildFile; fileRef = CF2685EE1A8B974800E351D2 /* Prologo.swift */; };
		CF2685F11A8B975300E351D2 /* marca.swift in Sources */ = {isa = PBXBuildFile; fileRef = CF2685F01A8B975300E351D2 /* marca.swift */; };
/* End PBXBuildFile section */

/* Begin PBXContainerItemProxy section */
		88130D521A52A2C300802E87 /* PBXContainerItemProxy */ = {
			isa = PBXContainerItemProxy;
			containerPortal = 88130D341A52A2C300802E87 /* Project object */;
			proxyType = 1;
			remoteGlobalIDString = 88130D3B1A52A2C300802E87;
			remoteInfo = UBoat;
		};
/* End PBXContainerItemProxy section */

/* Begin PBXFileReference section */
		880FB6D21A726A360043E53B /* oceano.mp3 */ = {isa = PBXFileReference; lastKnownFileType = audio.mp3; path = oceano.mp3; sourceTree = "<group>"; };
		88130D3C1A52A2C300802E87 /* UBoat.app */ = {isa = PBXFileReference; explicitFileType = wrapper.application; includeInIndex = 0; path = UBoat.app; sourceTree = BUILT_PRODUCTS_DIR; };
		88130D401A52A2C300802E87 /* Info.plist */ = {isa = PBXFileReference; lastKnownFileType = text.plist.xml; path = Info.plist; sourceTree = "<group>"; };
		88130D511A52A2C300802E87 /* UBoatTests.xctest */ = {isa = PBXFileReference; explicitFileType = wrapper.cfbundle; includeInIndex = 0; path = UBoatTests.xctest; sourceTree = BUILT_PRODUCTS_DIR; };
		88130D561A52A2C300802E87 /* Info.plist */ = {isa = PBXFileReference; lastKnownFileType = text.plist.xml; path = Info.plist; sourceTree = "<group>"; };
		88130D571A52A2C300802E87 /* UBoatTests.swift */ = {isa = PBXFileReference; lastKnownFileType = sourcecode.swift; path = UBoatTests.swift; sourceTree = "<group>"; };
		88130D611A52A37300802E87 /* AppDelegate.swift */ = {isa = PBXFileReference; fileEncoding = 4; lastKnownFileType = sourcecode.swift; path = AppDelegate.swift; sourceTree = "<group>"; };
		88130D631A52A38100802E87 /* ViewController.swift */ = {isa = PBXFileReference; fileEncoding = 4; lastKnownFileType = sourcecode.swift; path = ViewController.swift; sourceTree = "<group>"; };
		88130D651A52A39300802E87 /* Menu.swift */ = {isa = PBXFileReference; fileEncoding = 4; lastKnownFileType = sourcecode.swift; path = Menu.swift; sourceTree = "<group>"; };
		88130D661A52A39300802E87 /* Juego.swift */ = {isa = PBXFileReference; fileEncoding = 4; lastKnownFileType = sourcecode.swift; path = Juego.swift; sourceTree = "<group>"; };
		88130D671A52A39300802E87 /* estelaMisil.sks */ = {isa = PBXFileReference; lastKnownFileType = file.sks; path = estelaMisil.sks; sourceTree = "<group>"; };
		88130D681A52A39300802E87 /* explosionSubmarino.sks */ = {isa = PBXFileReference; lastKnownFileType = file.sks; path = explosionSubmarino.sks; sourceTree = "<group>"; };
		88130D691A52A39300802E87 /* estelaSubmarino.sks */ = {isa = PBXFileReference; lastKnownFileType = file.sks; path = estelaSubmarino.sks; sourceTree = "<group>"; };
		88130D6A1A52A39300802E87 /* estelaEnemigo.sks */ = {isa = PBXFileReference; lastKnownFileType = file.sks; path = estelaEnemigo.sks; sourceTree = "<group>"; };
		88130D731A52A3A700802E87 /* Main.storyboard */ = {isa = PBXFileReference; fileEncoding = 4; lastKnownFileType = file.storyboard; path = Main.storyboard; sourceTree = "<group>"; };
		88130D751A52A3B700802E87 /* Images.xcassets */ = {isa = PBXFileReference; lastKnownFileType = folder.assetcatalog; path = Images.xcassets; sourceTree = "<group>"; };
		88130D771A52A3CE00802E87 /* LaunchScreen.xib */ = {isa = PBXFileReference; fileEncoding = 4; lastKnownFileType = file.xib; path = LaunchScreen.xib; sourceTree = "<group>"; };
		883A26DE1A7D4EBF008EAA34 /* aSThumbImg.png */ = {isa = PBXFileReference; lastKnownFileType = image.png; path = aSThumbImg.png; sourceTree = "<group>"; };
		883A26E01A7D4EC5008EAA34 /* joystick.png */ = {isa = PBXFileReference; lastKnownFileType = image.png; path = joystick.png; sourceTree = "<group>"; };
		883C63E81A8A1E4000E5EC27 /* SonarSubmarino1.wav */ = {isa = PBXFileReference; lastKnownFileType = audio.wav; path = SonarSubmarino1.wav; sourceTree = "<group>"; };
		884BFE0F1A710B8B00B8C94A /* salidaTorpedo.wav */ = {isa = PBXFileReference; lastKnownFileType = audio.wav; path = salidaTorpedo.wav; sourceTree = "<group>"; };
		884BFE111A710C9200B8C94A /* AVFoundation.framework */ = {isa = PBXFileReference; lastKnownFileType = wrapper.framework; name = AVFoundation.framework; path = System/Library/Frameworks/AVFoundation.framework; sourceTree = SDKROOT; };
		884BFE161A7118A800B8C94A /* explosionImpacto.wav */ = {isa = PBXFileReference; lastKnownFileType = audio.wav; path = explosionImpacto.wav; sourceTree = "<group>"; };
		8851AB131A795E9C001EDD63 /* aSBgImg.png */ = {isa = PBXFileReference; lastKnownFileType = image.png; path = aSBgImg.png; sourceTree = "<group>"; };
		8851AB171A7966C0001EDD63 /* AnalogStick.swift */ = {isa = PBXFileReference; fileEncoding = 4; lastKnownFileType = sourcecode.swift; path = AnalogStick.swift; sourceTree = "<group>"; };
		889A0B811A5D2D55000BF2C3 /* enemigoExplota.atlas */ = {isa = PBXFileReference; lastKnownFileType = folder.skatlas; path = enemigoExplota.atlas; sourceTree = "<group>"; };
		88BDD00F1A78F135005F2EBC /* Navegando0024.png */ = {isa = PBXFileReference; lastKnownFileType = image.png; path = Navegando0024.png; sourceTree = "<group>"; };
		88BDD0101A78F135005F2EBC /* Navegando0024@2x.png */ = {isa = PBXFileReference; lastKnownFileType = image.png; path = "Navegando0024@2x.png"; sourceTree = "<group>"; };
		88BDD0111A78F135005F2EBC /* Navegando0025.png */ = {isa = PBXFileReference; lastKnownFileType = image.png; path = Navegando0025.png; sourceTree = "<group>"; };
		88BDD0121A78F135005F2EBC /* Navegando0025@2x.png */ = {isa = PBXFileReference; lastKnownFileType = image.png; path = "Navegando0025@2x.png"; sourceTree = "<group>"; };
		88BDD0131A78F135005F2EBC /* Navegando0026.png */ = {isa = PBXFileReference; lastKnownFileType = image.png; path = Navegando0026.png; sourceTree = "<group>"; };
		88BDD0141A78F135005F2EBC /* Navegando0026@2x.png */ = {isa = PBXFileReference; lastKnownFileType = image.png; path = "Navegando0026@2x.png"; sourceTree = "<group>"; };
		88BDD0151A78F135005F2EBC /* Navegando0027.png */ = {isa = PBXFileReference; lastKnownFileType = image.png; path = Navegando0027.png; sourceTree = "<group>"; };
		88BDD0161A78F135005F2EBC /* Navegando0027@2x.png */ = {isa = PBXFileReference; lastKnownFileType = image.png; path = "Navegando0027@2x.png"; sourceTree = "<group>"; };
		88BDD0171A78F135005F2EBC /* Navegando0028.png */ = {isa = PBXFileReference; lastKnownFileType = image.png; path = Navegando0028.png; sourceTree = "<group>"; };
		88BDD0181A78F135005F2EBC /* Navegando0028@2x.png */ = {isa = PBXFileReference; lastKnownFileType = image.png; path = "Navegando0028@2x.png"; sourceTree = "<group>"; };
		88BDD0191A78F135005F2EBC /* Navegando0029.png */ = {isa = PBXFileReference; lastKnownFileType = image.png; path = Navegando0029.png; sourceTree = "<group>"; };
		88BDD01A1A78F135005F2EBC /* Navegando0029@2x.png */ = {isa = PBXFileReference; lastKnownFileType = image.png; path = "Navegando0029@2x.png"; sourceTree = "<group>"; };
		88BDD01B1A78F135005F2EBC /* Navegando0030.png */ = {isa = PBXFileReference; lastKnownFileType = image.png; path = Navegando0030.png; sourceTree = "<group>"; };
		88BDD01C1A78F135005F2EBC /* Navegando0030@2x.png */ = {isa = PBXFileReference; lastKnownFileType = image.png; path = "Navegando0030@2x.png"; sourceTree = "<group>"; };
		88BDD01D1A78F135005F2EBC /* Navegando0031.png */ = {isa = PBXFileReference; lastKnownFileType = image.png; path = Navegando0031.png; sourceTree = "<group>"; };
		88BDD01E1A78F135005F2EBC /* Navegando0031@2x.png */ = {isa = PBXFileReference; lastKnownFileType = image.png; path = "Navegando0031@2x.png"; sourceTree = "<group>"; };
		88BDD01F1A78F135005F2EBC /* Navegando0032.png */ = {isa = PBXFileReference; lastKnownFileType = image.png; path = Navegando0032.png; sourceTree = "<group>"; };
		88BDD0201A78F135005F2EBC /* Navegando0032@2x.png */ = {isa = PBXFileReference; lastKnownFileType = image.png; path = "Navegando0032@2x.png"; sourceTree = "<group>"; };
		88BDD0211A78F135005F2EBC /* Navegando0033.png */ = {isa = PBXFileReference; lastKnownFileType = image.png; path = Navegando0033.png; sourceTree = "<group>"; };
		88BDD0221A78F135005F2EBC /* Navegando0033@2x.png */ = {isa = PBXFileReference; lastKnownFileType = image.png; path = "Navegando0033@2x.png"; sourceTree = "<group>"; };
		88BDD0231A78F135005F2EBC /* Navegando0034.png */ = {isa = PBXFileReference; lastKnownFileType = image.png; path = Navegando0034.png; sourceTree = "<group>"; };
		88BDD0241A78F135005F2EBC /* Navegando0034@2x.png */ = {isa = PBXFileReference; lastKnownFileType = image.png; path = "Navegando0034@2x.png"; sourceTree = "<group>"; };
		88BDD0251A78F135005F2EBC /* Navegando0035.png */ = {isa = PBXFileReference; lastKnownFileType = image.png; path = Navegando0035.png; sourceTree = "<group>"; };
		88BDD0261A78F135005F2EBC /* Navegando0035@2x.png */ = {isa = PBXFileReference; lastKnownFileType = image.png; path = "Navegando0035@2x.png"; sourceTree = "<group>"; };
		88BDD0271A78F135005F2EBC /* Navegando0036.png */ = {isa = PBXFileReference; lastKnownFileType = image.png; path = Navegando0036.png; sourceTree = "<group>"; };
		88BDD0281A78F135005F2EBC /* Navegando0036@2x.png */ = {isa = PBXFileReference; lastKnownFileType = image.png; path = "Navegando0036@2x.png"; sourceTree = "<group>"; };
		88BDD0291A78F135005F2EBC /* Navegando0037.png */ = {isa = PBXFileReference; lastKnownFileType = image.png; path = Navegando0037.png; sourceTree = "<group>"; };
		88BDD02A1A78F135005F2EBC /* Navegando0037@2x.png */ = {isa = PBXFileReference; lastKnownFileType = image.png; path = "Navegando0037@2x.png"; sourceTree = "<group>"; };
		88BDD02B1A78F135005F2EBC /* Navegando0038.png */ = {isa = PBXFileReference; lastKnownFileType = image.png; path = Navegando0038.png; sourceTree = "<group>"; };
		88BDD02C1A78F135005F2EBC /* Navegando0038@2x.png */ = {isa = PBXFileReference; lastKnownFileType = image.png; path = "Navegando0038@2x.png"; sourceTree = "<group>"; };
		88BDD02D1A78F135005F2EBC /* Navegando0039.png */ = {isa = PBXFileReference; lastKnownFileType = image.png; path = Navegando0039.png; sourceTree = "<group>"; };
		88BDD02E1A78F135005F2EBC /* Navegando0039@2x.png */ = {isa = PBXFileReference; lastKnownFileType = image.png; path = "Navegando0039@2x.png"; sourceTree = "<group>"; };
		88BDD02F1A78F135005F2EBC /* Navegando0040.png */ = {isa = PBXFileReference; lastKnownFileType = image.png; path = Navegando0040.png; sourceTree = "<group>"; };
		88BDD0301A78F135005F2EBC /* Navegando0040@2x.png */ = {isa = PBXFileReference; lastKnownFileType = image.png; path = "Navegando0040@2x.png"; sourceTree = "<group>"; };
		88BDD0321A78F135005F2EBC /* Emerge0000@2x.png */ = {isa = PBXFileReference; lastKnownFileType = image.png; path = "Emerge0000@2x.png"; sourceTree = "<group>"; };
		88BDD0331A78F135005F2EBC /* Emerge0001@2x.png */ = {isa = PBXFileReference; lastKnownFileType = image.png; path = "Emerge0001@2x.png"; sourceTree = "<group>"; };
		88BDD0341A78F135005F2EBC /* Emerge0002@2x.png */ = {isa = PBXFileReference; lastKnownFileType = image.png; path = "Emerge0002@2x.png"; sourceTree = "<group>"; };
		88BDD0351A78F135005F2EBC /* Emerge0003@2x.png */ = {isa = PBXFileReference; lastKnownFileType = image.png; path = "Emerge0003@2x.png"; sourceTree = "<group>"; };
		88BDD0361A78F135005F2EBC /* Emerge0004@2x.png */ = {isa = PBXFileReference; lastKnownFileType = image.png; path = "Emerge0004@2x.png"; sourceTree = "<group>"; };
		88BDD0371A78F135005F2EBC /* Emerge0005@2x.png */ = {isa = PBXFileReference; lastKnownFileType = image.png; path = "Emerge0005@2x.png"; sourceTree = "<group>"; };
		88BDD0381A78F135005F2EBC /* Emerge0006@2x.png */ = {isa = PBXFileReference; lastKnownFileType = image.png; path = "Emerge0006@2x.png"; sourceTree = "<group>"; };
		88BDD0391A78F135005F2EBC /* Emerge0007@2x.png */ = {isa = PBXFileReference; lastKnownFileType = image.png; path = "Emerge0007@2x.png"; sourceTree = "<group>"; };
		88BDD03A1A78F135005F2EBC /* Emerge0008@2x.png */ = {isa = PBXFileReference; lastKnownFileType = image.png; path = "Emerge0008@2x.png"; sourceTree = "<group>"; };
		88BDD03B1A78F135005F2EBC /* Emerge0009@2x.png */ = {isa = PBXFileReference; lastKnownFileType = image.png; path = "Emerge0009@2x.png"; sourceTree = "<group>"; };
		88BDD03C1A78F135005F2EBC /* Emerge0010@2x.png */ = {isa = PBXFileReference; lastKnownFileType = image.png; path = "Emerge0010@2x.png"; sourceTree = "<group>"; };
		88BDD03D1A78F135005F2EBC /* Emerge0011@2x.png */ = {isa = PBXFileReference; lastKnownFileType = image.png; path = "Emerge0011@2x.png"; sourceTree = "<group>"; };
		88BDD03E1A78F135005F2EBC /* Emerge0012@2x.png */ = {isa = PBXFileReference; lastKnownFileType = image.png; path = "Emerge0012@2x.png"; sourceTree = "<group>"; };
		88BDD03F1A78F135005F2EBC /* Emerge0013@2x.png */ = {isa = PBXFileReference; lastKnownFileType = image.png; path = "Emerge0013@2x.png"; sourceTree = "<group>"; };
		88BDD0401A78F135005F2EBC /* Emerge0014@2x.png */ = {isa = PBXFileReference; lastKnownFileType = image.png; path = "Emerge0014@2x.png"; sourceTree = "<group>"; };
		88BDD0411A78F135005F2EBC /* Emerge0015@2x.png */ = {isa = PBXFileReference; lastKnownFileType = image.png; path = "Emerge0015@2x.png"; sourceTree = "<group>"; };
		88BDD0421A78F135005F2EBC /* Emerge0016@2x.png */ = {isa = PBXFileReference; lastKnownFileType = image.png; path = "Emerge0016@2x.png"; sourceTree = "<group>"; };
		88BDD0431A78F135005F2EBC /* Emerge0017@2x.png */ = {isa = PBXFileReference; lastKnownFileType = image.png; path = "Emerge0017@2x.png"; sourceTree = "<group>"; };
		88BDD0441A78F135005F2EBC /* Emerge0018@2x.png */ = {isa = PBXFileReference; lastKnownFileType = image.png; path = "Emerge0018@2x.png"; sourceTree = "<group>"; };
		88BDD0451A78F135005F2EBC /* Emerge0019@2x.png */ = {isa = PBXFileReference; lastKnownFileType = image.png; path = "Emerge0019@2x.png"; sourceTree = "<group>"; };
		88BDD0461A78F135005F2EBC /* Emerge0020@2x.png */ = {isa = PBXFileReference; lastKnownFileType = image.png; path = "Emerge0020@2x.png"; sourceTree = "<group>"; };
		88BDD0471A78F135005F2EBC /* Emerge0021@2x.png */ = {isa = PBXFileReference; lastKnownFileType = image.png; path = "Emerge0021@2x.png"; sourceTree = "<group>"; };
		88BDD0481A78F135005F2EBC /* Emerge0022@2x.png */ = {isa = PBXFileReference; lastKnownFileType = image.png; path = "Emerge0022@2x.png"; sourceTree = "<group>"; };
		88BDD0491A78F135005F2EBC /* Emerge0023@2x.png */ = {isa = PBXFileReference; lastKnownFileType = image.png; path = "Emerge0023@2x.png"; sourceTree = "<group>"; };
		88CA80EF1A93C9390091ED93 /* submarino.swift */ = {isa = PBXFileReference; fileEncoding = 4; lastKnownFileType = sourcecode.swift; path = submarino.swift; sourceTree = "<group>"; };
		9A0B57971A7A3FAD00354160 /* Emerge-0001@2x.png */ = {isa = PBXFileReference; lastKnownFileType = image.png; path = "Emerge-0001@2x.png"; sourceTree = "<group>"; };
		9A0B57981A7A3FAD00354160 /* Emerge-0002@2x.png */ = {isa = PBXFileReference; lastKnownFileType = image.png; path = "Emerge-0002@2x.png"; sourceTree = "<group>"; };
		9A50805D1A94B25D009283A8 /* iconOxigeno_01@2x.png */ = {isa = PBXFileReference; lastKnownFileType = image.png; path = "iconOxigeno_01@2x.png"; sourceTree = "<group>"; };
		9A50805E1A94B25D009283A8 /* iconOxigeno_02@2x.png */ = {isa = PBXFileReference; lastKnownFileType = image.png; path = "iconOxigeno_02@2x.png"; sourceTree = "<group>"; };
		9A50805F1A94B25D009283A8 /* iconOxigeno_03@2x.png */ = {isa = PBXFileReference; lastKnownFileType = image.png; path = "iconOxigeno_03@2x.png"; sourceTree = "<group>"; };
		9A5080601A94B25D009283A8 /* iconOxigeno_04@2x.png */ = {isa = PBXFileReference; lastKnownFileType = image.png; path = "iconOxigeno_04@2x.png"; sourceTree = "<group>"; };
		9A5080611A94B25D009283A8 /* iconOxigeno_05@2x.png */ = {isa = PBXFileReference; lastKnownFileType = image.png; path = "iconOxigeno_05@2x.png"; sourceTree = "<group>"; };
		9A5080621A94B25D009283A8 /* iconOxigeno_06@2x.png */ = {isa = PBXFileReference; lastKnownFileType = image.png; path = "iconOxigeno_06@2x.png"; sourceTree = "<group>"; };
		9A5080631A94B25D009283A8 /* iconOxigeno_07@2x.png */ = {isa = PBXFileReference; lastKnownFileType = image.png; path = "iconOxigeno_07@2x.png"; sourceTree = "<group>"; };
		9A5080641A94B25D009283A8 /* iconOxigeno_08@2x.png */ = {isa = PBXFileReference; lastKnownFileType = image.png; path = "iconOxigeno_08@2x.png"; sourceTree = "<group>"; };
		9A5080651A94B25D009283A8 /* iconOxigeno_09@2x.png */ = {isa = PBXFileReference; lastKnownFileType = image.png; path = "iconOxigeno_09@2x.png"; sourceTree = "<group>"; };
		9A5080661A94B25D009283A8 /* iconOxigeno_10@2x.png */ = {isa = PBXFileReference; lastKnownFileType = image.png; path = "iconOxigeno_10@2x.png"; sourceTree = "<group>"; };
		9A5080671A94B25D009283A8 /* iconOxigeno_11@2x.png */ = {isa = PBXFileReference; lastKnownFileType = image.png; path = "iconOxigeno_11@2x.png"; sourceTree = "<group>"; };
		9A5080681A94B25D009283A8 /* iconOxigeno_12@2x.png */ = {isa = PBXFileReference; lastKnownFileType = image.png; path = "iconOxigeno_12@2x.png"; sourceTree = "<group>"; };
		9A5080691A94B25D009283A8 /* iconOxigeno_13@2x.png */ = {isa = PBXFileReference; lastKnownFileType = image.png; path = "iconOxigeno_13@2x.png"; sourceTree = "<group>"; };
		9A50806A1A94B25D009283A8 /* iconOxigeno_14@2x.png */ = {isa = PBXFileReference; lastKnownFileType = image.png; path = "iconOxigeno_14@2x.png"; sourceTree = "<group>"; };
		9A50806B1A94B25D009283A8 /* iconOxigeno_15@2x.png */ = {isa = PBXFileReference; lastKnownFileType = image.png; path = "iconOxigeno_15@2x.png"; sourceTree = "<group>"; };
		9A50806C1A94B25D009283A8 /* iconOxigeno_16@2x.png */ = {isa = PBXFileReference; lastKnownFileType = image.png; path = "iconOxigeno_16@2x.png"; sourceTree = "<group>"; };
		9A50806D1A94B25D009283A8 /* iconOxigeno_17@2x.png */ = {isa = PBXFileReference; lastKnownFileType = image.png; path = "iconOxigeno_17@2x.png"; sourceTree = "<group>"; };
		9A50806E1A94B25D009283A8 /* iconOxigeno_18@2x.png */ = {isa = PBXFileReference; lastKnownFileType = image.png; path = "iconOxigeno_18@2x.png"; sourceTree = "<group>"; };
		9A50806F1A94B25D009283A8 /* iconOxigeno_19@2x.png */ = {isa = PBXFileReference; lastKnownFileType = image.png; path = "iconOxigeno_19@2x.png"; sourceTree = "<group>"; };
		9A5080701A94B25D009283A8 /* iconOxigeno_20@2x.png */ = {isa = PBXFileReference; lastKnownFileType = image.png; path = "iconOxigeno_20@2x.png"; sourceTree = "<group>"; };
		9A5080711A94B25D009283A8 /* iconOxigeno_21@2x.png */ = {isa = PBXFileReference; lastKnownFileType = image.png; path = "iconOxigeno_21@2x.png"; sourceTree = "<group>"; };
		9A5080721A94B25D009283A8 /* iconOxigeno_22@2x.png */ = {isa = PBXFileReference; lastKnownFileType = image.png; path = "iconOxigeno_22@2x.png"; sourceTree = "<group>"; };
		9A5080731A94B25D009283A8 /* iconOxigeno_23@2x.png */ = {isa = PBXFileReference; lastKnownFileType = image.png; path = "iconOxigeno_23@2x.png"; sourceTree = "<group>"; };
		9A5080741A94B25D009283A8 /* iconOxigeno_24@2x.png */ = {isa = PBXFileReference; lastKnownFileType = image.png; path = "iconOxigeno_24@2x.png"; sourceTree = "<group>"; };
		9A5080751A94B25D009283A8 /* iconOxigeno_25@2x.png */ = {isa = PBXFileReference; lastKnownFileType = image.png; path = "iconOxigeno_25@2x.png"; sourceTree = "<group>"; };
		9A5080761A94B25D009283A8 /* iconOxigeno_26@2x.png */ = {isa = PBXFileReference; lastKnownFileType = image.png; path = "iconOxigeno_26@2x.png"; sourceTree = "<group>"; };
		9A5080771A94B25D009283A8 /* iconOxigeno_27@2x.png */ = {isa = PBXFileReference; lastKnownFileType = image.png; path = "iconOxigeno_27@2x.png"; sourceTree = "<group>"; };
		9A6873601A6565BF00CC4BF7 /* estelaSubDer.sks */ = {isa = PBXFileReference; lastKnownFileType = file.sks; path = estelaSubDer.sks; sourceTree = "<group>"; };
		9A6873621A6573B900CC4BF7 /* estelaSubIzq.sks */ = {isa = PBXFileReference; lastKnownFileType = file.sks; path = estelaSubIzq.sks; sourceTree = "<group>"; };
		9A6873681A65902A00CC4BF7 /* humoExplosion.sks */ = {isa = PBXFileReference; lastKnownFileType = file.sks; path = humoExplosion.sks; sourceTree = "<group>"; };
		9A87EFA31A8828C00001903E /* SubmarineAlarm.mp3 */ = {isa = PBXFileReference; lastKnownFileType = audio.mp3; path = SubmarineAlarm.mp3; sourceTree = "<group>"; };
		9A95B4811A800EB2000A899D /* joystick@2X.png */ = {isa = PBXFileReference; lastKnownFileType = image.png; path = "joystick@2X.png"; sourceTree = "<group>"; };
		9A9C834E1A8E9493007F38F1 /* iconDamage_01@2x.png */ = {isa = PBXFileReference; lastKnownFileType = image.png; path = "iconDamage_01@2x.png"; sourceTree = "<group>"; };
		9A9C834F1A8E9493007F38F1 /* iconDamage_02@2x.png */ = {isa = PBXFileReference; lastKnownFileType = image.png; path = "iconDamage_02@2x.png"; sourceTree = "<group>"; };
		9A9C83501A8E9493007F38F1 /* iconDamage_03@2x.png */ = {isa = PBXFileReference; lastKnownFileType = image.png; path = "iconDamage_03@2x.png"; sourceTree = "<group>"; };
		9A9C83511A8E9493007F38F1 /* iconDamage_04@2x.png */ = {isa = PBXFileReference; lastKnownFileType = image.png; path = "iconDamage_04@2x.png"; sourceTree = "<group>"; };
		9A9C83521A8E9493007F38F1 /* iconDamage_05@2x.png */ = {isa = PBXFileReference; lastKnownFileType = image.png; path = "iconDamage_05@2x.png"; sourceTree = "<group>"; };
		9A9C83531A8E9493007F38F1 /* iconDamage_06@2x.png */ = {isa = PBXFileReference; lastKnownFileType = image.png; path = "iconDamage_06@2x.png"; sourceTree = "<group>"; };
		9A9C83541A8E9493007F38F1 /* iconDamage_07@2x.png */ = {isa = PBXFileReference; lastKnownFileType = image.png; path = "iconDamage_07@2x.png"; sourceTree = "<group>"; };
		9A9C83551A8E9493007F38F1 /* iconDamage_08@2x.png */ = {isa = PBXFileReference; lastKnownFileType = image.png; path = "iconDamage_08@2x.png"; sourceTree = "<group>"; };
		9A9C83561A8E9493007F38F1 /* iconDamage_09@2x.png */ = {isa = PBXFileReference; lastKnownFileType = image.png; path = "iconDamage_09@2x.png"; sourceTree = "<group>"; };
		9A9C83571A8E9493007F38F1 /* iconDamage_10@2x.png */ = {isa = PBXFileReference; lastKnownFileType = image.png; path = "iconDamage_10@2x.png"; sourceTree = "<group>"; };
		9A9C83581A8E9493007F38F1 /* iconDamage_11@2x.png */ = {isa = PBXFileReference; lastKnownFileType = image.png; path = "iconDamage_11@2x.png"; sourceTree = "<group>"; };
		9A9C83591A8E9493007F38F1 /* iconDamage_12@2x.png */ = {isa = PBXFileReference; lastKnownFileType = image.png; path = "iconDamage_12@2x.png"; sourceTree = "<group>"; };
		9A9C835A1A8E9493007F38F1 /* iconDamage_13@2x.png */ = {isa = PBXFileReference; lastKnownFileType = image.png; path = "iconDamage_13@2x.png"; sourceTree = "<group>"; };
		9A9C835B1A8E9493007F38F1 /* iconDamage_14@2x.png */ = {isa = PBXFileReference; lastKnownFileType = image.png; path = "iconDamage_14@2x.png"; sourceTree = "<group>"; };
		9A9C835C1A8E9493007F38F1 /* iconDamage_15@2x.png */ = {isa = PBXFileReference; lastKnownFileType = image.png; path = "iconDamage_15@2x.png"; sourceTree = "<group>"; };
		9A9C835D1A8E9493007F38F1 /* iconDamage_16@2x.png */ = {isa = PBXFileReference; lastKnownFileType = image.png; path = "iconDamage_16@2x.png"; sourceTree = "<group>"; };
		9A9C835E1A8E9493007F38F1 /* iconDamage_17@2x.png */ = {isa = PBXFileReference; lastKnownFileType = image.png; path = "iconDamage_17@2x.png"; sourceTree = "<group>"; };
		9A9C835F1A8E9493007F38F1 /* iconDamage_18@2x.png */ = {isa = PBXFileReference; lastKnownFileType = image.png; path = "iconDamage_18@2x.png"; sourceTree = "<group>"; };
		9A9C83601A8E9493007F38F1 /* iconDamage_19@2x.png */ = {isa = PBXFileReference; lastKnownFileType = image.png; path = "iconDamage_19@2x.png"; sourceTree = "<group>"; };
		9A9C83611A8E9493007F38F1 /* iconDamage_20@2x.png */ = {isa = PBXFileReference; lastKnownFileType = image.png; path = "iconDamage_20@2x.png"; sourceTree = "<group>"; };
		9A9C83621A8E9493007F38F1 /* iconDamage_21@2x.png */ = {isa = PBXFileReference; lastKnownFileType = image.png; path = "iconDamage_21@2x.png"; sourceTree = "<group>"; };
		9A9C83631A8E9493007F38F1 /* iconDamage_22@2x.png */ = {isa = PBXFileReference; lastKnownFileType = image.png; path = "iconDamage_22@2x.png"; sourceTree = "<group>"; };
		9A9C83641A8E9493007F38F1 /* iconDamage_23@2x.png */ = {isa = PBXFileReference; lastKnownFileType = image.png; path = "iconDamage_23@2x.png"; sourceTree = "<group>"; };
		9A9C83651A8E9493007F38F1 /* iconDamage_24@2x.png */ = {isa = PBXFileReference; lastKnownFileType = image.png; path = "iconDamage_24@2x.png"; sourceTree = "<group>"; };
		9A9C83661A8E9493007F38F1 /* iconDamage_25@2x.png */ = {isa = PBXFileReference; lastKnownFileType = image.png; path = "iconDamage_25@2x.png"; sourceTree = "<group>"; };
		9A9C83671A8E9493007F38F1 /* iconDamage_26@2x.png */ = {isa = PBXFileReference; lastKnownFileType = image.png; path = "iconDamage_26@2x.png"; sourceTree = "<group>"; };
		9A9C83681A8E9493007F38F1 /* iconDamage_27@2x.png */ = {isa = PBXFileReference; lastKnownFileType = image.png; path = "iconDamage_27@2x.png"; sourceTree = "<group>"; };
		9A9C83691A8E9493007F38F1 /* iconDamage_28@2x.png */ = {isa = PBXFileReference; lastKnownFileType = image.png; path = "iconDamage_28@2x.png"; sourceTree = "<group>"; };
		9A9C836A1A8E9493007F38F1 /* iconDamage_29@2x.png */ = {isa = PBXFileReference; lastKnownFileType = image.png; path = "iconDamage_29@2x.png"; sourceTree = "<group>"; };
		9A9C836B1A8E9493007F38F1 /* iconDamage_30@2x.png */ = {isa = PBXFileReference; lastKnownFileType = image.png; path = "iconDamage_30@2x.png"; sourceTree = "<group>"; };
		9AC500C81A9387A500C8C5F1 /* BotonInterruptor.mp3 */ = {isa = PBXFileReference; lastKnownFileType = audio.mp3; path = BotonInterruptor.mp3; sourceTree = "<group>"; };
		9AFF44EB1A8622A1000687B2 /* Anima_Mina0024@2x.png */ = {isa = PBXFileReference; lastKnownFileType = image.png; path = "Anima_Mina0024@2x.png"; sourceTree = "<group>"; };
		9AFF44EC1A8622A1000687B2 /* Anima_Mina0025@2x.png */ = {isa = PBXFileReference; lastKnownFileType = image.png; path = "Anima_Mina0025@2x.png"; sourceTree = "<group>"; };
		9AFF44ED1A8622A1000687B2 /* Anima_Mina0026@2x.png */ = {isa = PBXFileReference; lastKnownFileType = image.png; path = "Anima_Mina0026@2x.png"; sourceTree = "<group>"; };
		9AFF44EE1A8622A1000687B2 /* Anima_Mina0027@2x.png */ = {isa = PBXFileReference; lastKnownFileType = image.png; path = "Anima_Mina0027@2x.png"; sourceTree = "<group>"; };
		9AFF44EF1A8622A1000687B2 /* Anima_Mina0028@2x.png */ = {isa = PBXFileReference; lastKnownFileType = image.png; path = "Anima_Mina0028@2x.png"; sourceTree = "<group>"; };
		9AFF44F01A8622A1000687B2 /* Anima_Mina0029@2x.png */ = {isa = PBXFileReference; lastKnownFileType = image.png; path = "Anima_Mina0029@2x.png"; sourceTree = "<group>"; };
		9AFF44F11A8622A1000687B2 /* Anima_Mina0030@2x.png */ = {isa = PBXFileReference; lastKnownFileType = image.png; path = "Anima_Mina0030@2x.png"; sourceTree = "<group>"; };
		9AFF44F21A8622A1000687B2 /* Anima_Mina0031@2x.png */ = {isa = PBXFileReference; lastKnownFileType = image.png; path = "Anima_Mina0031@2x.png"; sourceTree = "<group>"; };
		9AFF44F31A8622A1000687B2 /* Anima_Mina0032@2x.png */ = {isa = PBXFileReference; lastKnownFileType = image.png; path = "Anima_Mina0032@2x.png"; sourceTree = "<group>"; };
		9AFF44F41A8622A1000687B2 /* Anima_Mina0033@2x.png */ = {isa = PBXFileReference; lastKnownFileType = image.png; path = "Anima_Mina0033@2x.png"; sourceTree = "<group>"; };
		9AFF44F51A8622A1000687B2 /* Anima_Mina0034@2x.png */ = {isa = PBXFileReference; lastKnownFileType = image.png; path = "Anima_Mina0034@2x.png"; sourceTree = "<group>"; };
		9AFF44F61A8622A1000687B2 /* Anima_Mina0035@2x.png */ = {isa = PBXFileReference; lastKnownFileType = image.png; path = "Anima_Mina0035@2x.png"; sourceTree = "<group>"; };
		9AFF44F71A8622A1000687B2 /* Anima_Mina0036@2x.png */ = {isa = PBXFileReference; lastKnownFileType = image.png; path = "Anima_Mina0036@2x.png"; sourceTree = "<group>"; };
		CF2685EE1A8B974800E351D2 /* Prologo.swift */ = {isa = PBXFileReference; fileEncoding = 4; lastKnownFileType = sourcecode.swift; path = Prologo.swift; sourceTree = "<group>"; };
		CF2685F01A8B975300E351D2 /* marca.swift */ = {isa = PBXFileReference; fileEncoding = 4; lastKnownFileType = sourcecode.swift; path = marca.swift; sourceTree = "<group>"; };
/* End PBXFileReference section */

/* Begin PBXFrameworksBuildPhase section */
		88130D391A52A2C300802E87 /* Frameworks */ = {
			isa = PBXFrameworksBuildPhase;
			buildActionMask = 2147483647;
			files = (
				884BFE121A710C9200B8C94A /* AVFoundation.framework in Frameworks */,
			);
			runOnlyForDeploymentPostprocessing = 0;
		};
		88130D4E1A52A2C300802E87 /* Frameworks */ = {
			isa = PBXFrameworksBuildPhase;
			buildActionMask = 2147483647;
			files = (
			);
			runOnlyForDeploymentPostprocessing = 0;
		};
/* End PBXFrameworksBuildPhase section */

/* Begin PBXGroup section */
		88130D331A52A2C300802E87 = {
			isa = PBXGroup;
			children = (
				884BFE111A710C9200B8C94A /* AVFoundation.framework */,
				9AFF44EA1A8622A1000687B2 /* mina */,
				9A9C834D1A8E9493007F38F1 /* iconDamage */,
				9A50805C1A94B25D009283A8 /* iconOxigeno */,
				88BDD0311A78F135005F2EBC /* submarinoEmerge */,
				88BDD00E1A78F135005F2EBC /* submarinoNavega */,
				889A0B811A5D2D55000BF2C3 /* enemigoExplota.atlas */,
				88130D3E1A52A2C300802E87 /* UBoat */,
				88130D541A52A2C300802E87 /* UBoatTests */,
				88130D3D1A52A2C300802E87 /* Products */,
			);
			sourceTree = "<group>";
		};
		88130D3D1A52A2C300802E87 /* Products */ = {
			isa = PBXGroup;
			children = (
				88130D3C1A52A2C300802E87 /* UBoat.app */,
				88130D511A52A2C300802E87 /* UBoatTests.xctest */,
			);
			name = Products;
			sourceTree = "<group>";
		};
		88130D3E1A52A2C300802E87 /* UBoat */ = {
			isa = PBXGroup;
			children = (
				984025BA1A7D535400376E54 /* Classes */,
				8851AB101A795E69001EDD63 /* AnalogStick */,
				88130D611A52A37300802E87 /* AppDelegate.swift */,
				88130D651A52A39300802E87 /* Menu.swift */,
				88130D661A52A39300802E87 /* Juego.swift */,
				CF2685F01A8B975300E351D2 /* marca.swift */,
				CF2685EE1A8B974800E351D2 /* Prologo.swift */,
				88130D671A52A39300802E87 /* estelaMisil.sks */,
				88130D681A52A39300802E87 /* explosionSubmarino.sks */,
				9A6873681A65902A00CC4BF7 /* humoExplosion.sks */,
				88130D691A52A39300802E87 /* estelaSubmarino.sks */,
				88130D6A1A52A39300802E87 /* estelaEnemigo.sks */,
				9A6873601A6565BF00CC4BF7 /* estelaSubDer.sks */,
				9A6873621A6573B900CC4BF7 /* estelaSubIzq.sks */,
				88130D631A52A38100802E87 /* ViewController.swift */,
				88130D731A52A3A700802E87 /* Main.storyboard */,
				88130D751A52A3B700802E87 /* Images.xcassets */,
				884BFE131A71167300B8C94A /* Audio */,
				88130D771A52A3CE00802E87 /* LaunchScreen.xib */,
				88130D3F1A52A2C300802E87 /* Supporting Files */,
			);
			path = UBoat;
			sourceTree = "<group>";
		};
		88130D3F1A52A2C300802E87 /* Supporting Files */ = {
			isa = PBXGroup;
			children = (
				88130D401A52A2C300802E87 /* Info.plist */,
			);
			name = "Supporting Files";
			sourceTree = "<group>";
		};
		88130D541A52A2C300802E87 /* UBoatTests */ = {
			isa = PBXGroup;
			children = (
				88130D571A52A2C300802E87 /* UBoatTests.swift */,
				88130D551A52A2C300802E87 /* Supporting Files */,
			);
			path = UBoatTests;
			sourceTree = "<group>";
		};
		88130D551A52A2C300802E87 /* Supporting Files */ = {
			isa = PBXGroup;
			children = (
				88130D561A52A2C300802E87 /* Info.plist */,
			);
			name = "Supporting Files";
			sourceTree = "<group>";
		};
		884BFE131A71167300B8C94A /* Audio */ = {
			isa = PBXGroup;
			children = (
				9AC500C81A9387A500C8C5F1 /* BotonInterruptor.mp3 */,
				9A87EFA31A8828C00001903E /* SubmarineAlarm.mp3 */,
				883C63E81A8A1E4000E5EC27 /* SonarSubmarino1.wav */,
				884BFE161A7118A800B8C94A /* explosionImpacto.wav */,
				880FB6D21A726A360043E53B /* oceano.mp3 */,
				884BFE0F1A710B8B00B8C94A /* salidaTorpedo.wav */,
			);
			name = Audio;
			sourceTree = "<group>";
		};
		8851AB101A795E69001EDD63 /* AnalogStick */ = {
			isa = PBXGroup;
			children = (
				8851AB171A7966C0001EDD63 /* AnalogStick.swift */,
				883A26DE1A7D4EBF008EAA34 /* aSThumbImg.png */,
				9A95B4811A800EB2000A899D /* joystick@2X.png */,
				883A26E01A7D4EC5008EAA34 /* joystick.png */,
				8851AB131A795E9C001EDD63 /* aSBgImg.png */,
			);
			name = AnalogStick;
			sourceTree = "<group>";
		};
		88BDD00E1A78F135005F2EBC /* submarinoNavega */ = {
			isa = PBXGroup;
			children = (
				88BDD00F1A78F135005F2EBC /* Navegando0024.png */,
				88BDD0101A78F135005F2EBC /* Navegando0024@2x.png */,
				88BDD0111A78F135005F2EBC /* Navegando0025.png */,
				88BDD0121A78F135005F2EBC /* Navegando0025@2x.png */,
				88BDD0131A78F135005F2EBC /* Navegando0026.png */,
				88BDD0141A78F135005F2EBC /* Navegando0026@2x.png */,
				88BDD0151A78F135005F2EBC /* Navegando0027.png */,
				88BDD0161A78F135005F2EBC /* Navegando0027@2x.png */,
				88BDD0171A78F135005F2EBC /* Navegando0028.png */,
				88BDD0181A78F135005F2EBC /* Navegando0028@2x.png */,
				88BDD0191A78F135005F2EBC /* Navegando0029.png */,
				88BDD01A1A78F135005F2EBC /* Navegando0029@2x.png */,
				88BDD01B1A78F135005F2EBC /* Navegando0030.png */,
				88BDD01C1A78F135005F2EBC /* Navegando0030@2x.png */,
				88BDD01D1A78F135005F2EBC /* Navegando0031.png */,
				88BDD01E1A78F135005F2EBC /* Navegando0031@2x.png */,
				88BDD01F1A78F135005F2EBC /* Navegando0032.png */,
				88BDD0201A78F135005F2EBC /* Navegando0032@2x.png */,
				88BDD0211A78F135005F2EBC /* Navegando0033.png */,
				88BDD0221A78F135005F2EBC /* Navegando0033@2x.png */,
				88BDD0231A78F135005F2EBC /* Navegando0034.png */,
				88BDD0241A78F135005F2EBC /* Navegando0034@2x.png */,
				88BDD0251A78F135005F2EBC /* Navegando0035.png */,
				88BDD0261A78F135005F2EBC /* Navegando0035@2x.png */,
				88BDD0271A78F135005F2EBC /* Navegando0036.png */,
				88BDD0281A78F135005F2EBC /* Navegando0036@2x.png */,
				88BDD0291A78F135005F2EBC /* Navegando0037.png */,
				88BDD02A1A78F135005F2EBC /* Navegando0037@2x.png */,
				88BDD02B1A78F135005F2EBC /* Navegando0038.png */,
				88BDD02C1A78F135005F2EBC /* Navegando0038@2x.png */,
				88BDD02D1A78F135005F2EBC /* Navegando0039.png */,
				88BDD02E1A78F135005F2EBC /* Navegando0039@2x.png */,
				88BDD02F1A78F135005F2EBC /* Navegando0040.png */,
				88BDD0301A78F135005F2EBC /* Navegando0040@2x.png */,
			);
			path = submarinoNavega;
			sourceTree = "<group>";
		};
		88BDD0311A78F135005F2EBC /* submarinoEmerge */ = {
			isa = PBXGroup;
			children = (
				9A0B57971A7A3FAD00354160 /* Emerge-0001@2x.png */,
				9A0B57981A7A3FAD00354160 /* Emerge-0002@2x.png */,
				88BDD0321A78F135005F2EBC /* Emerge0000@2x.png */,
				88BDD0331A78F135005F2EBC /* Emerge0001@2x.png */,
				88BDD0341A78F135005F2EBC /* Emerge0002@2x.png */,
				88BDD0351A78F135005F2EBC /* Emerge0003@2x.png */,
				88BDD0361A78F135005F2EBC /* Emerge0004@2x.png */,
				88BDD0371A78F135005F2EBC /* Emerge0005@2x.png */,
				88BDD0381A78F135005F2EBC /* Emerge0006@2x.png */,
				88BDD0391A78F135005F2EBC /* Emerge0007@2x.png */,
				88BDD03A1A78F135005F2EBC /* Emerge0008@2x.png */,
				88BDD03B1A78F135005F2EBC /* Emerge0009@2x.png */,
				88BDD03C1A78F135005F2EBC /* Emerge0010@2x.png */,
				88BDD03D1A78F135005F2EBC /* Emerge0011@2x.png */,
				88BDD03E1A78F135005F2EBC /* Emerge0012@2x.png */,
				88BDD03F1A78F135005F2EBC /* Emerge0013@2x.png */,
				88BDD0401A78F135005F2EBC /* Emerge0014@2x.png */,
				88BDD0411A78F135005F2EBC /* Emerge0015@2x.png */,
				88BDD0421A78F135005F2EBC /* Emerge0016@2x.png */,
				88BDD0431A78F135005F2EBC /* Emerge0017@2x.png */,
				88BDD0441A78F135005F2EBC /* Emerge0018@2x.png */,
				88BDD0451A78F135005F2EBC /* Emerge0019@2x.png */,
				88BDD0461A78F135005F2EBC /* Emerge0020@2x.png */,
				88BDD0471A78F135005F2EBC /* Emerge0021@2x.png */,
				88BDD0481A78F135005F2EBC /* Emerge0022@2x.png */,
				88BDD0491A78F135005F2EBC /* Emerge0023@2x.png */,
			);
			path = submarinoEmerge;
			sourceTree = "<group>";
		};
		984025BA1A7D535400376E54 /* Classes */ = {
			isa = PBXGroup;
			children = (
				88CA80EF1A93C9390091ED93 /* submarino.swift */,
			);
			name = Classes;
			sourceTree = "<group>";
		};
		9A50805C1A94B25D009283A8 /* iconOxigeno */ = {
			isa = PBXGroup;
			children = (
				9A50805D1A94B25D009283A8 /* iconOxigeno_01@2x.png */,
				9A50805E1A94B25D009283A8 /* iconOxigeno_02@2x.png */,
				9A50805F1A94B25D009283A8 /* iconOxigeno_03@2x.png */,
				9A5080601A94B25D009283A8 /* iconOxigeno_04@2x.png */,
				9A5080611A94B25D009283A8 /* iconOxigeno_05@2x.png */,
				9A5080621A94B25D009283A8 /* iconOxigeno_06@2x.png */,
				9A5080631A94B25D009283A8 /* iconOxigeno_07@2x.png */,
				9A5080641A94B25D009283A8 /* iconOxigeno_08@2x.png */,
				9A5080651A94B25D009283A8 /* iconOxigeno_09@2x.png */,
				9A5080661A94B25D009283A8 /* iconOxigeno_10@2x.png */,
				9A5080671A94B25D009283A8 /* iconOxigeno_11@2x.png */,
				9A5080681A94B25D009283A8 /* iconOxigeno_12@2x.png */,
				9A5080691A94B25D009283A8 /* iconOxigeno_13@2x.png */,
				9A50806A1A94B25D009283A8 /* iconOxigeno_14@2x.png */,
				9A50806B1A94B25D009283A8 /* iconOxigeno_15@2x.png */,
				9A50806C1A94B25D009283A8 /* iconOxigeno_16@2x.png */,
				9A50806D1A94B25D009283A8 /* iconOxigeno_17@2x.png */,
				9A50806E1A94B25D009283A8 /* iconOxigeno_18@2x.png */,
				9A50806F1A94B25D009283A8 /* iconOxigeno_19@2x.png */,
				9A5080701A94B25D009283A8 /* iconOxigeno_20@2x.png */,
				9A5080711A94B25D009283A8 /* iconOxigeno_21@2x.png */,
				9A5080721A94B25D009283A8 /* iconOxigeno_22@2x.png */,
				9A5080731A94B25D009283A8 /* iconOxigeno_23@2x.png */,
				9A5080741A94B25D009283A8 /* iconOxigeno_24@2x.png */,
				9A5080751A94B25D009283A8 /* iconOxigeno_25@2x.png */,
				9A5080761A94B25D009283A8 /* iconOxigeno_26@2x.png */,
				9A5080771A94B25D009283A8 /* iconOxigeno_27@2x.png */,
			);
			path = iconOxigeno;
			sourceTree = "<group>";
		};
		9A9C834D1A8E9493007F38F1 /* iconDamage */ = {
			isa = PBXGroup;
			children = (
				9A9C834E1A8E9493007F38F1 /* iconDamage_01@2x.png */,
				9A9C834F1A8E9493007F38F1 /* iconDamage_02@2x.png */,
				9A9C83501A8E9493007F38F1 /* iconDamage_03@2x.png */,
				9A9C83511A8E9493007F38F1 /* iconDamage_04@2x.png */,
				9A9C83521A8E9493007F38F1 /* iconDamage_05@2x.png */,
				9A9C83531A8E9493007F38F1 /* iconDamage_06@2x.png */,
				9A9C83541A8E9493007F38F1 /* iconDamage_07@2x.png */,
				9A9C83551A8E9493007F38F1 /* iconDamage_08@2x.png */,
				9A9C83561A8E9493007F38F1 /* iconDamage_09@2x.png */,
				9A9C83571A8E9493007F38F1 /* iconDamage_10@2x.png */,
				9A9C83581A8E9493007F38F1 /* iconDamage_11@2x.png */,
				9A9C83591A8E9493007F38F1 /* iconDamage_12@2x.png */,
				9A9C835A1A8E9493007F38F1 /* iconDamage_13@2x.png */,
				9A9C835B1A8E9493007F38F1 /* iconDamage_14@2x.png */,
				9A9C835C1A8E9493007F38F1 /* iconDamage_15@2x.png */,
				9A9C835D1A8E9493007F38F1 /* iconDamage_16@2x.png */,
				9A9C835E1A8E9493007F38F1 /* iconDamage_17@2x.png */,
				9A9C835F1A8E9493007F38F1 /* iconDamage_18@2x.png */,
				9A9C83601A8E9493007F38F1 /* iconDamage_19@2x.png */,
				9A9C83611A8E9493007F38F1 /* iconDamage_20@2x.png */,
				9A9C83621A8E9493007F38F1 /* iconDamage_21@2x.png */,
				9A9C83631A8E9493007F38F1 /* iconDamage_22@2x.png */,
				9A9C83641A8E9493007F38F1 /* iconDamage_23@2x.png */,
				9A9C83651A8E9493007F38F1 /* iconDamage_24@2x.png */,
				9A9C83661A8E9493007F38F1 /* iconDamage_25@2x.png */,
				9A9C83671A8E9493007F38F1 /* iconDamage_26@2x.png */,
				9A9C83681A8E9493007F38F1 /* iconDamage_27@2x.png */,
				9A9C83691A8E9493007F38F1 /* iconDamage_28@2x.png */,
				9A9C836A1A8E9493007F38F1 /* iconDamage_29@2x.png */,
				9A9C836B1A8E9493007F38F1 /* iconDamage_30@2x.png */,
			);
			path = iconDamage;
			sourceTree = "<group>";
		};
		9AFF44EA1A8622A1000687B2 /* mina */ = {
			isa = PBXGroup;
			children = (
				9AFF44EB1A8622A1000687B2 /* Anima_Mina0024@2x.png */,
				9AFF44EC1A8622A1000687B2 /* Anima_Mina0025@2x.png */,
				9AFF44ED1A8622A1000687B2 /* Anima_Mina0026@2x.png */,
				9AFF44EE1A8622A1000687B2 /* Anima_Mina0027@2x.png */,
				9AFF44EF1A8622A1000687B2 /* Anima_Mina0028@2x.png */,
				9AFF44F01A8622A1000687B2 /* Anima_Mina0029@2x.png */,
				9AFF44F11A8622A1000687B2 /* Anima_Mina0030@2x.png */,
				9AFF44F21A8622A1000687B2 /* Anima_Mina0031@2x.png */,
				9AFF44F31A8622A1000687B2 /* Anima_Mina0032@2x.png */,
				9AFF44F41A8622A1000687B2 /* Anima_Mina0033@2x.png */,
				9AFF44F51A8622A1000687B2 /* Anima_Mina0034@2x.png */,
				9AFF44F61A8622A1000687B2 /* Anima_Mina0035@2x.png */,
				9AFF44F71A8622A1000687B2 /* Anima_Mina0036@2x.png */,
			);
			path = mina;
			sourceTree = "<group>";
		};
/* End PBXGroup section */

/* Begin PBXNativeTarget section */
		88130D3B1A52A2C300802E87 /* UBoat */ = {
			isa = PBXNativeTarget;
			buildConfigurationList = 88130D5B1A52A2C300802E87 /* Build configuration list for PBXNativeTarget "UBoat" */;
			buildPhases = (
				88130D381A52A2C300802E87 /* Sources */,
				88130D391A52A2C300802E87 /* Frameworks */,
				88130D3A1A52A2C300802E87 /* Resources */,
			);
			buildRules = (
			);
			dependencies = (
			);
			name = UBoat;
			productName = UBoat;
			productReference = 88130D3C1A52A2C300802E87 /* UBoat.app */;
			productType = "com.apple.product-type.application";
		};
		88130D501A52A2C300802E87 /* UBoatTests */ = {
			isa = PBXNativeTarget;
			buildConfigurationList = 88130D5E1A52A2C300802E87 /* Build configuration list for PBXNativeTarget "UBoatTests" */;
			buildPhases = (
				88130D4D1A52A2C300802E87 /* Sources */,
				88130D4E1A52A2C300802E87 /* Frameworks */,
				88130D4F1A52A2C300802E87 /* Resources */,
			);
			buildRules = (
			);
			dependencies = (
				88130D531A52A2C300802E87 /* PBXTargetDependency */,
			);
			name = UBoatTests;
			productName = UBoatTests;
			productReference = 88130D511A52A2C300802E87 /* UBoatTests.xctest */;
			productType = "com.apple.product-type.bundle.unit-test";
		};
/* End PBXNativeTarget section */

/* Begin PBXProject section */
		88130D341A52A2C300802E87 /* Project object */ = {
			isa = PBXProject;
			attributes = {
				LastUpgradeCheck = 0610;
				ORGANIZATIONNAME = "Nicanor Burcio Vecino";
				TargetAttributes = {
					88130D3B1A52A2C300802E87 = {
						CreatedOnToolsVersion = 6.1.1;
					};
					88130D501A52A2C300802E87 = {
						CreatedOnToolsVersion = 6.1.1;
						TestTargetID = 88130D3B1A52A2C300802E87;
					};
				};
			};
			buildConfigurationList = 88130D371A52A2C300802E87 /* Build configuration list for PBXProject "UBoat" */;
			compatibilityVersion = "Xcode 3.2";
			developmentRegion = English;
			hasScannedForEncodings = 0;
			knownRegions = (
				en,
				Base,
			);
			mainGroup = 88130D331A52A2C300802E87;
			productRefGroup = 88130D3D1A52A2C300802E87 /* Products */;
			projectDirPath = "";
			projectRoot = "";
			targets = (
				88130D3B1A52A2C300802E87 /* UBoat */,
				88130D501A52A2C300802E87 /* UBoatTests */,
			);
		};
/* End PBXProject section */

/* Begin PBXResourcesBuildPhase section */
		88130D3A1A52A2C300802E87 /* Resources */ = {
			isa = PBXResourcesBuildPhase;
			buildActionMask = 2147483647;
			files = (
				9A9C83791A8E9493007F38F1 /* iconDamage_14@2x.png in Resources */,
				9A9C83851A8E9493007F38F1 /* iconDamage_26@2x.png in Resources */,
				88BDD04C1A78F135005F2EBC /* Navegando0025.png in Resources */,
				9A9C837D1A8E9493007F38F1 /* iconDamage_18@2x.png in Resources */,
				9A5080851A94B25D009283A8 /* iconOxigeno_14@2x.png in Resources */,
				9A5080841A94B25D009283A8 /* iconOxigeno_13@2x.png in Resources */,
				9A5080821A94B25D009283A8 /* iconOxigeno_11@2x.png in Resources */,
				9A5080921A94B25D009283A8 /* iconOxigeno_27@2x.png in Resources */,
				88BDD0831A78F135005F2EBC /* Emerge0023@2x.png in Resources */,
				884BFE101A710B8B00B8C94A /* salidaTorpedo.wav in Resources */,
				88130D701A52A39300802E87 /* estelaSubmarino.sks in Resources */,
				88BDD06C1A78F135005F2EBC /* Emerge0000@2x.png in Resources */,
				88BDD04D1A78F135005F2EBC /* Navegando0025@2x.png in Resources */,
				88BDD0741A78F135005F2EBC /* Emerge0008@2x.png in Resources */,
				88BDD0811A78F135005F2EBC /* Emerge0021@2x.png in Resources */,
				88BDD0531A78F135005F2EBC /* Navegando0028@2x.png in Resources */,
				9A9C83811A8E9493007F38F1 /* iconDamage_22@2x.png in Resources */,
				88BDD0791A78F135005F2EBC /* Emerge0013@2x.png in Resources */,
				9A9C83751A8E9493007F38F1 /* iconDamage_10@2x.png in Resources */,
				88BDD07A1A78F135005F2EBC /* Emerge0014@2x.png in Resources */,
				9A9C837F1A8E9493007F38F1 /* iconDamage_20@2x.png in Resources */,
				88BDD0771A78F135005F2EBC /* Emerge0011@2x.png in Resources */,
				88130D761A52A3B700802E87 /* Images.xcassets in Resources */,
				9A50807C1A94B25D009283A8 /* iconOxigeno_05@2x.png in Resources */,
				9AFF44FB1A8622A1000687B2 /* Anima_Mina0027@2x.png in Resources */,
				9A9C83891A8E9493007F38F1 /* iconDamage_30@2x.png in Resources */,
				883A26E11A7D4EC5008EAA34 /* joystick.png in Resources */,
				9A9C837E1A8E9493007F38F1 /* iconDamage_19@2x.png in Resources */,
				9AFF44FE1A8622A1000687B2 /* Anima_Mina0030@2x.png in Resources */,
				88130D6F1A52A39300802E87 /* explosionSubmarino.sks in Resources */,
				9A9C83781A8E9493007F38F1 /* iconDamage_13@2x.png in Resources */,
				88BDD04F1A78F135005F2EBC /* Navegando0026@2x.png in Resources */,
				9A6873631A6573B900CC4BF7 /* estelaSubIzq.sks in Resources */,
				88BDD0581A78F135005F2EBC /* Navegando0031.png in Resources */,
				88BDD0661A78F135005F2EBC /* Navegando0038.png in Resources */,
				9AFF44F81A8622A1000687B2 /* Anima_Mina0024@2x.png in Resources */,
				9A0B57991A7A3FAD00354160 /* Emerge-0001@2x.png in Resources */,
				9A5080781A94B25D009283A8 /* iconOxigeno_01@2x.png in Resources */,
				8851AB151A795E9C001EDD63 /* aSBgImg.png in Resources */,
				9A9C83831A8E9493007F38F1 /* iconDamage_24@2x.png in Resources */,
				883C63E91A8A1E4000E5EC27 /* SonarSubmarino1.wav in Resources */,
				9A9C83801A8E9493007F38F1 /* iconDamage_21@2x.png in Resources */,
				9A9C83821A8E9493007F38F1 /* iconDamage_23@2x.png in Resources */,
				9A50808F1A94B25D009283A8 /* iconOxigeno_24@2x.png in Resources */,
				88BDD07E1A78F135005F2EBC /* Emerge0018@2x.png in Resources */,
				88BDD0611A78F135005F2EBC /* Navegando0035@2x.png in Resources */,
				88BDD0571A78F135005F2EBC /* Navegando0030@2x.png in Resources */,
				9AFF45001A8622A1000687B2 /* Anima_Mina0032@2x.png in Resources */,
				9A6873611A6565BF00CC4BF7 /* estelaSubDer.sks in Resources */,
				88BDD0521A78F135005F2EBC /* Navegando0028.png in Resources */,
				9A50807B1A94B25D009283A8 /* iconOxigeno_04@2x.png in Resources */,
				88BDD0601A78F135005F2EBC /* Navegando0035.png in Resources */,
				88BDD05F1A78F135005F2EBC /* Navegando0034@2x.png in Resources */,
				9A9C83761A8E9493007F38F1 /* iconDamage_11@2x.png in Resources */,
				9AFF44FA1A8622A1000687B2 /* Anima_Mina0026@2x.png in Resources */,
				9A9C83871A8E9493007F38F1 /* iconDamage_28@2x.png in Resources */,
				889A0B831A5D2D55000BF2C3 /* enemigoExplota.atlas in Resources */,
				9AFF45011A8622A1000687B2 /* Anima_Mina0033@2x.png in Resources */,
				9A5080831A94B25D009283A8 /* iconOxigeno_12@2x.png in Resources */,
				9A5080811A94B25D009283A8 /* iconOxigeno_10@2x.png in Resources */,
				9AC500C91A9387A500C8C5F1 /* BotonInterruptor.mp3 in Resources */,
				9A9C837B1A8E9493007F38F1 /* iconDamage_16@2x.png in Resources */,
				9AFF45021A8622A1000687B2 /* Anima_Mina0034@2x.png in Resources */,
				88BDD0551A78F135005F2EBC /* Navegando0029@2x.png in Resources */,
				88BDD05D1A78F135005F2EBC /* Navegando0033@2x.png in Resources */,
				88BDD05C1A78F135005F2EBC /* Navegando0033.png in Resources */,
				88BDD0591A78F135005F2EBC /* Navegando0031@2x.png in Resources */,
				88130D741A52A3A700802E87 /* Main.storyboard in Resources */,
				9A5080881A94B25D009283A8 /* iconOxigeno_17@2x.png in Resources */,
				88130D781A52A3CE00802E87 /* LaunchScreen.xib in Resources */,
				9AFF45041A8622A1000687B2 /* Anima_Mina0036@2x.png in Resources */,
				9A5080801A94B25D009283A8 /* iconOxigeno_09@2x.png in Resources */,
				9A87EFA41A8828C00001903E /* SubmarineAlarm.mp3 in Resources */,
				883A26DF1A7D4EBF008EAA34 /* aSThumbImg.png in Resources */,
				880FB6D31A726A360043E53B /* oceano.mp3 in Resources */,
				9AFF45031A8622A1000687B2 /* Anima_Mina0035@2x.png in Resources */,
				9A50808A1A94B25D009283A8 /* iconOxigeno_19@2x.png in Resources */,
				88BDD0621A78F135005F2EBC /* Navegando0036.png in Resources */,
				9A9C837C1A8E9493007F38F1 /* iconDamage_17@2x.png in Resources */,
				88BDD0731A78F135005F2EBC /* Emerge0007@2x.png in Resources */,
				9A9C83841A8E9493007F38F1 /* iconDamage_25@2x.png in Resources */,
				88BDD0651A78F135005F2EBC /* Navegando0037@2x.png in Resources */,
				88BDD06A1A78F135005F2EBC /* Navegando0040.png in Resources */,
				88BDD07C1A78F135005F2EBC /* Emerge0016@2x.png in Resources */,
				88BDD07F1A78F135005F2EBC /* Emerge0019@2x.png in Resources */,
				88BDD0691A78F135005F2EBC /* Navegando0039@2x.png in Resources */,
				88BDD0751A78F135005F2EBC /* Emerge0009@2x.png in Resources */,
				9A9C83711A8E9493007F38F1 /* iconDamage_06@2x.png in Resources */,
				9AFF44FC1A8622A1000687B2 /* Anima_Mina0028@2x.png in Resources */,
				88BDD05B1A78F135005F2EBC /* Navegando0032@2x.png in Resources */,
				88BDD06D1A78F135005F2EBC /* Emerge0001@2x.png in Resources */,
				9A9C836F1A8E9493007F38F1 /* iconDamage_04@2x.png in Resources */,
				9A9C836E1A8E9493007F38F1 /* iconDamage_03@2x.png in Resources */,
				9A9C837A1A8E9493007F38F1 /* iconDamage_15@2x.png in Resources */,
				9A6873691A65902A00CC4BF7 /* humoExplosion.sks in Resources */,
				88BDD04B1A78F135005F2EBC /* Navegando0024@2x.png in Resources */,
				88BDD0561A78F135005F2EBC /* Navegando0030.png in Resources */,
				9A50807E1A94B25D009283A8 /* iconOxigeno_07@2x.png in Resources */,
				9A5080901A94B25D009283A8 /* iconOxigeno_25@2x.png in Resources */,
				9A5080891A94B25D009283A8 /* iconOxigeno_18@2x.png in Resources */,
				88BDD06B1A78F135005F2EBC /* Navegando0040@2x.png in Resources */,
				88130D6E1A52A39300802E87 /* estelaMisil.sks in Resources */,
				9A0B579A1A7A3FAD00354160 /* Emerge-0002@2x.png in Resources */,
				9A50807F1A94B25D009283A8 /* iconOxigeno_08@2x.png in Resources */,
				9A9C83701A8E9493007F38F1 /* iconDamage_05@2x.png in Resources */,
				9A9C836C1A8E9493007F38F1 /* iconDamage_01@2x.png in Resources */,
				88BDD0711A78F135005F2EBC /* Emerge0005@2x.png in Resources */,
				88BDD07D1A78F135005F2EBC /* Emerge0017@2x.png in Resources */,
				88BDD0541A78F135005F2EBC /* Navegando0029.png in Resources */,
				88BDD0631A78F135005F2EBC /* Navegando0036@2x.png in Resources */,
				88BDD04A1A78F135005F2EBC /* Navegando0024.png in Resources */,
				88BDD0501A78F135005F2EBC /* Navegando0027.png in Resources */,
				88BDD0681A78F135005F2EBC /* Navegando0039.png in Resources */,
				88BDD05E1A78F135005F2EBC /* Navegando0034.png in Resources */,
				9A5080861A94B25D009283A8 /* iconOxigeno_15@2x.png in Resources */,
				9AFF44FF1A8622A1000687B2 /* Anima_Mina0031@2x.png in Resources */,
				884BFE171A7118A800B8C94A /* explosionImpacto.wav in Resources */,
				88BDD05A1A78F135005F2EBC /* Navegando0032.png in Resources */,
				88BDD06F1A78F135005F2EBC /* Emerge0003@2x.png in Resources */,
				9A5080871A94B25D009283A8 /* iconOxigeno_16@2x.png in Resources */,
				9A50807A1A94B25D009283A8 /* iconOxigeno_03@2x.png in Resources */,
				9A95B4821A800EB2000A899D /* joystick@2X.png in Resources */,
				9A50808D1A94B25D009283A8 /* iconOxigeno_22@2x.png in Resources */,
				9A9C83721A8E9493007F38F1 /* iconDamage_07@2x.png in Resources */,
				9A50807D1A94B25D009283A8 /* iconOxigeno_06@2x.png in Resources */,
				88BDD0781A78F135005F2EBC /* Emerge0012@2x.png in Resources */,
				9A9C83741A8E9493007F38F1 /* iconDamage_09@2x.png in Resources */,
				9A5080911A94B25D009283A8 /* iconOxigeno_26@2x.png in Resources */,
				9AFF44F91A8622A1000687B2 /* Anima_Mina0025@2x.png in Resources */,
				88BDD07B1A78F135005F2EBC /* Emerge0015@2x.png in Resources */,
				9A9C83771A8E9493007F38F1 /* iconDamage_12@2x.png in Resources */,
				9A9C83861A8E9493007F38F1 /* iconDamage_27@2x.png in Resources */,
				88BDD0671A78F135005F2EBC /* Navegando0038@2x.png in Resources */,
				88BDD0721A78F135005F2EBC /* Emerge0006@2x.png in Resources */,
				88BDD0511A78F135005F2EBC /* Navegando0027@2x.png in Resources */,
				88BDD0801A78F135005F2EBC /* Emerge0020@2x.png in Resources */,
				9A50808B1A94B25D009283A8 /* iconOxigeno_20@2x.png in Resources */,
				88BDD0641A78F135005F2EBC /* Navegando0037.png in Resources */,
				88BDD06E1A78F135005F2EBC /* Emerge0002@2x.png in Resources */,
				88BDD0761A78F135005F2EBC /* Emerge0010@2x.png in Resources */,
				9AFF44FD1A8622A1000687B2 /* Anima_Mina0029@2x.png in Resources */,
				88BDD0701A78F135005F2EBC /* Emerge0004@2x.png in Resources */,
				88130D711A52A39300802E87 /* estelaEnemigo.sks in Resources */,
				9A9C83881A8E9493007F38F1 /* iconDamage_29@2x.png in Resources */,
				9A9C83731A8E9493007F38F1 /* iconDamage_08@2x.png in Resources */,
				9A50808E1A94B25D009283A8 /* iconOxigeno_23@2x.png in Resources */,
				88BDD04E1A78F135005F2EBC /* Navegando0026.png in Resources */,
				9A50808C1A94B25D009283A8 /* iconOxigeno_21@2x.png in Resources */,
				88BDD0821A78F135005F2EBC /* Emerge0022@2x.png in Resources */,
				9A5080791A94B25D009283A8 /* iconOxigeno_02@2x.png in Resources */,
				9A9C836D1A8E9493007F38F1 /* iconDamage_02@2x.png in Resources */,
			);
			runOnlyForDeploymentPostprocessing = 0;
		};
		88130D4F1A52A2C300802E87 /* Resources */ = {
			isa = PBXResourcesBuildPhase;
			buildActionMask = 2147483647;
			files = (
			);
			runOnlyForDeploymentPostprocessing = 0;
		};
/* End PBXResourcesBuildPhase section */

/* Begin PBXSourcesBuildPhase section */
		88130D381A52A2C300802E87 /* Sources */ = {
			isa = PBXSourcesBuildPhase;
			buildActionMask = 2147483647;
			files = (
				88130D6D1A52A39300802E87 /* Juego.swift in Sources */,
				CF2685F11A8B975300E351D2 /* marca.swift in Sources */,
				88CA80F01A93C9390091ED93 /* submarino.swift in Sources */,
				8851AB181A7966C0001EDD63 /* AnalogStick.swift in Sources */,
				88130D6C1A52A39300802E87 /* Menu.swift in Sources */,
				88130D641A52A38100802E87 /* ViewController.swift in Sources */,
				88130D621A52A37300802E87 /* AppDelegate.swift in Sources */,
				CF2685EF1A8B974800E351D2 /* Prologo.swift in Sources */,
			);
			runOnlyForDeploymentPostprocessing = 0;
		};
		88130D4D1A52A2C300802E87 /* Sources */ = {
			isa = PBXSourcesBuildPhase;
			buildActionMask = 2147483647;
			files = (
				88130D581A52A2C300802E87 /* UBoatTests.swift in Sources */,
			);
			runOnlyForDeploymentPostprocessing = 0;
		};
/* End PBXSourcesBuildPhase section */

/* Begin PBXTargetDependency section */
		88130D531A52A2C300802E87 /* PBXTargetDependency */ = {
			isa = PBXTargetDependency;
			target = 88130D3B1A52A2C300802E87 /* UBoat */;
			targetProxy = 88130D521A52A2C300802E87 /* PBXContainerItemProxy */;
		};
/* End PBXTargetDependency section */

/* Begin XCBuildConfiguration section */
		88130D591A52A2C300802E87 /* Debug */ = {
			isa = XCBuildConfiguration;
			buildSettings = {
				ALWAYS_SEARCH_USER_PATHS = NO;
				CLANG_CXX_LANGUAGE_STANDARD = "gnu++0x";
				CLANG_CXX_LIBRARY = "libc++";
				CLANG_ENABLE_MODULES = YES;
				CLANG_ENABLE_OBJC_ARC = YES;
				CLANG_WARN_BOOL_CONVERSION = YES;
				CLANG_WARN_CONSTANT_CONVERSION = YES;
				CLANG_WARN_DIRECT_OBJC_ISA_USAGE = YES_ERROR;
				CLANG_WARN_EMPTY_BODY = YES;
				CLANG_WARN_ENUM_CONVERSION = YES;
				CLANG_WARN_INT_CONVERSION = YES;
				CLANG_WARN_OBJC_ROOT_CLASS = YES_ERROR;
				CLANG_WARN_UNREACHABLE_CODE = YES;
				CLANG_WARN__DUPLICATE_METHOD_MATCH = YES;
				"CODE_SIGN_IDENTITY[sdk=iphoneos*]" = "iPhone Developer";
				COPY_PHASE_STRIP = NO;
				ENABLE_STRICT_OBJC_MSGSEND = YES;
				GCC_C_LANGUAGE_STANDARD = gnu99;
				GCC_DYNAMIC_NO_PIC = NO;
				GCC_OPTIMIZATION_LEVEL = 0;
				GCC_PREPROCESSOR_DEFINITIONS = (
					"DEBUG=1",
					"$(inherited)",
				);
				GCC_SYMBOLS_PRIVATE_EXTERN = NO;
				GCC_WARN_64_TO_32_BIT_CONVERSION = YES;
				GCC_WARN_ABOUT_RETURN_TYPE = YES_ERROR;
				GCC_WARN_UNDECLARED_SELECTOR = YES;
				GCC_WARN_UNINITIALIZED_AUTOS = YES_AGGRESSIVE;
				GCC_WARN_UNUSED_FUNCTION = YES;
				GCC_WARN_UNUSED_VARIABLE = YES;
				IPHONEOS_DEPLOYMENT_TARGET = 8.1;
				MTL_ENABLE_DEBUG_INFO = YES;
				ONLY_ACTIVE_ARCH = YES;
				SDKROOT = iphoneos;
				SWIFT_OPTIMIZATION_LEVEL = "-Onone";
				TARGETED_DEVICE_FAMILY = "1,2";
			};
			name = Debug;
		};
		88130D5A1A52A2C300802E87 /* Release */ = {
			isa = XCBuildConfiguration;
			buildSettings = {
				ALWAYS_SEARCH_USER_PATHS = NO;
				CLANG_CXX_LANGUAGE_STANDARD = "gnu++0x";
				CLANG_CXX_LIBRARY = "libc++";
				CLANG_ENABLE_MODULES = YES;
				CLANG_ENABLE_OBJC_ARC = YES;
				CLANG_WARN_BOOL_CONVERSION = YES;
				CLANG_WARN_CONSTANT_CONVERSION = YES;
				CLANG_WARN_DIRECT_OBJC_ISA_USAGE = YES_ERROR;
				CLANG_WARN_EMPTY_BODY = YES;
				CLANG_WARN_ENUM_CONVERSION = YES;
				CLANG_WARN_INT_CONVERSION = YES;
				CLANG_WARN_OBJC_ROOT_CLASS = YES_ERROR;
				CLANG_WARN_UNREACHABLE_CODE = YES;
				CLANG_WARN__DUPLICATE_METHOD_MATCH = YES;
				"CODE_SIGN_IDENTITY[sdk=iphoneos*]" = "iPhone Developer";
				COPY_PHASE_STRIP = YES;
				ENABLE_NS_ASSERTIONS = NO;
				ENABLE_STRICT_OBJC_MSGSEND = YES;
				GCC_C_LANGUAGE_STANDARD = gnu99;
				GCC_WARN_64_TO_32_BIT_CONVERSION = YES;
				GCC_WARN_ABOUT_RETURN_TYPE = YES_ERROR;
				GCC_WARN_UNDECLARED_SELECTOR = YES;
				GCC_WARN_UNINITIALIZED_AUTOS = YES_AGGRESSIVE;
				GCC_WARN_UNUSED_FUNCTION = YES;
				GCC_WARN_UNUSED_VARIABLE = YES;
				IPHONEOS_DEPLOYMENT_TARGET = 8.1;
				MTL_ENABLE_DEBUG_INFO = NO;
				SDKROOT = iphoneos;
				TARGETED_DEVICE_FAMILY = "1,2";
				VALIDATE_PRODUCT = YES;
			};
			name = Release;
		};
		88130D5C1A52A2C300802E87 /* Debug */ = {
			isa = XCBuildConfiguration;
			buildSettings = {
				ASSETCATALOG_COMPILER_APPICON_NAME = AppIcon;
				INFOPLIST_FILE = UBoat/Info.plist;
				LD_RUNPATH_SEARCH_PATHS = "$(inherited) @executable_path/Frameworks";
				PRODUCT_NAME = "$(TARGET_NAME)";
			};
			name = Debug;
		};
		88130D5D1A52A2C300802E87 /* Release */ = {
			isa = XCBuildConfiguration;
			buildSettings = {
				ASSETCATALOG_COMPILER_APPICON_NAME = AppIcon;
				INFOPLIST_FILE = UBoat/Info.plist;
				LD_RUNPATH_SEARCH_PATHS = "$(inherited) @executable_path/Frameworks";
				PRODUCT_NAME = "$(TARGET_NAME)";
			};
			name = Release;
		};
		88130D5F1A52A2C300802E87 /* Debug */ = {
			isa = XCBuildConfiguration;
			buildSettings = {
				BUNDLE_LOADER = "$(TEST_HOST)";
				FRAMEWORK_SEARCH_PATHS = (
					"$(SDKROOT)/Developer/Library/Frameworks",
					"$(inherited)",
				);
				GCC_PREPROCESSOR_DEFINITIONS = (
					"DEBUG=1",
					"$(inherited)",
				);
				INFOPLIST_FILE = UBoatTests/Info.plist;
				LD_RUNPATH_SEARCH_PATHS = "$(inherited) @executable_path/Frameworks @loader_path/Frameworks";
				PRODUCT_NAME = "$(TARGET_NAME)";
				TEST_HOST = "$(BUILT_PRODUCTS_DIR)/UBoat.app/UBoat";
			};
			name = Debug;
		};
		88130D601A52A2C300802E87 /* Release */ = {
			isa = XCBuildConfiguration;
			buildSettings = {
				BUNDLE_LOADER = "$(TEST_HOST)";
				FRAMEWORK_SEARCH_PATHS = (
					"$(SDKROOT)/Developer/Library/Frameworks",
					"$(inherited)",
				);
				INFOPLIST_FILE = UBoatTests/Info.plist;
				LD_RUNPATH_SEARCH_PATHS = "$(inherited) @executable_path/Frameworks @loader_path/Frameworks";
				PRODUCT_NAME = "$(TARGET_NAME)";
				TEST_HOST = "$(BUILT_PRODUCTS_DIR)/UBoat.app/UBoat";
			};
			name = Release;
		};
/* End XCBuildConfiguration section */

/* Begin XCConfigurationList section */
		88130D371A52A2C300802E87 /* Build configuration list for PBXProject "UBoat" */ = {
			isa = XCConfigurationList;
			buildConfigurations = (
				88130D591A52A2C300802E87 /* Debug */,
				88130D5A1A52A2C300802E87 /* Release */,
			);
			defaultConfigurationIsVisible = 0;
			defaultConfigurationName = Release;
		};
		88130D5B1A52A2C300802E87 /* Build configuration list for PBXNativeTarget "UBoat" */ = {
			isa = XCConfigurationList;
			buildConfigurations = (
				88130D5C1A52A2C300802E87 /* Debug */,
				88130D5D1A52A2C300802E87 /* Release */,
			);
			defaultConfigurationIsVisible = 0;
			defaultConfigurationName = Release;
		};
		88130D5E1A52A2C300802E87 /* Build configuration list for PBXNativeTarget "UBoatTests" */ = {
			isa = XCConfigurationList;
			buildConfigurations = (
				88130D5F1A52A2C300802E87 /* Debug */,
				88130D601A52A2C300802E87 /* Release */,
			);
			defaultConfigurationIsVisible = 0;
			defaultConfigurationName = Release;
		};
/* End XCConfigurationList section */
	};
	rootObject = 88130D341A52A2C300802E87 /* Project object */;
}
